// !$*UTF8*$!
{
	archiveVersion = 1;
	classes = {
	};
	objectVersion = 46;
	objects = {

/* Begin PBXBuildFile section */
		620D94E71AD2317300DB5161 /* main.m in Sources */ = {isa = PBXBuildFile; fileRef = 620D94E61AD2317300DB5161 /* main.m */; };
/* End PBXBuildFile section */

/* Begin PBXCopyFilesBuildPhase section */
		620D94E11AD2317300DB5161 /* CopyFiles */ = {
			isa = PBXCopyFilesBuildPhase;
			buildActionMask = 2147483647;
			dstPath = /usr/share/man/man1/;
			dstSubfolderSpec = 0;
			files = (
			);
			runOnlyForDeploymentPostprocessing = 1;
		};
/* End PBXCopyFilesBuildPhase section */

/* Begin PBXFileReference section */
		620D94E31AD2317300DB5161 /* BrowerOtisHW8 */ = {isa = PBXFileReference; explicitFileType = "compiled.mach-o.executable"; includeInIndex = 0; path = BrowerOtisHW8; sourceTree = BUILT_PRODUCTS_DIR; };
		620D94E61AD2317300DB5161 /* main.m */ = {isa = PBXFileReference; lastKnownFileType = sourcecode.c.objc; path = main.m; sourceTree = "<group>"; };
/* End PBXFileReference section */

/* Begin PBXFrameworksBuildPhase section */
		620D94E01AD2317300DB5161 /* Frameworks */ = {
			isa = PBXFrameworksBuildPhase;
			buildActionMask = 2147483647;
			files = (
			);
			runOnlyForDeploymentPostprocessing = 0;
		};
/* End PBXFrameworksBuildPhase section */

/* Begin PBXGroup section */
		620D94DA1AD2317300DB5161 = {
			isa = PBXGroup;
			children = (
				620D94E51AD2317300DB5161 /* BrowerOtisHW8 */,
				620D94E41AD2317300DB5161 /* Products */,
			);
			sourceTree = "<group>";
		};
		620D94E41AD2317300DB5161 /* Products */ = {
			isa = PBXGroup;
			children = (
				620D94E31AD2317300DB5161 /* BrowerOtisHW8 */,
			);
			name = Products;
			sourceTree = "<group>";
		};
		620D94E51AD2317300DB5161 /* BrowerOtisHW8 */ = {
			isa = PBXGroup;
			children = (
				620D94E61AD2317300DB5161 /* main.m */,
			);
			path = BrowerOtisHW8;
			sourceTree = "<group>";
		};
/* End PBXGroup section */

/* Begin PBXNativeTarget section */
		620D94E21AD2317300DB5161 /* BrowerOtisHW8 */ = {
			isa = PBXNativeTarget;
			buildConfigurationList = 620D94EA1AD2317300DB5161 /* Build configuration list for PBXNativeTarget "BrowerOtisHW8" */;
			buildPhases = (
				620D94DF1AD2317300DB5161 /* Sources */,
				620D94E01AD2317300DB5161 /* Frameworks */,
				620D94E11AD2317300DB5161 /* CopyFiles */,
			);
			buildRules = (
			);
			dependencies = (
			);
			name = BrowerOtisHW8;
			productName = BrowerOtisHW8;
			productReference = 620D94E31AD2317300DB5161 /* BrowerOtisHW8 */;
			productType = "com.apple.product-type.tool";
		};
/* End PBXNativeTarget section */

/* Begin PBXProject section */
		620D94DB1AD2317300DB5161 /* Project object */ = {
			isa = PBXProject;
			attributes = {
				LastUpgradeCheck = 0620;
				ORGANIZATIONNAME = CS109;
				TargetAttributes = {
					620D94E21AD2317300DB5161 = {
						CreatedOnToolsVersion = 6.2;
					};
				};
			};
			buildConfigurationList = 620D94DE1AD2317300DB5161 /* Build configuration list for PBXProject "BrowerOtisHW8" */;
			compatibilityVersion = "Xcode 3.2";
			developmentRegion = English;
			hasScannedForEncodings = 0;
			knownRegions = (
				en,
			);
			mainGroup = 620D94DA1AD2317300DB5161;
			productRefGroup = 620D94E41AD2317300DB5161 /* Products */;
			projectDirPath = "";
			projectRoot = "";
			targets = (
				620D94E21AD2317300DB5161 /* BrowerOtisHW8 */,
			);
		};
/* End PBXProject section */

/* Begin PBXSourcesBuildPhase section */
		620D94DF1AD2317300DB5161 /* Sources */ = {
			isa = PBXSourcesBuildPhase;
			buildActionMask = 2147483647;
			files = (
				620D94E71AD2317300DB5161 /* main.m in Sources */,
			);
			runOnlyForDeploymentPostprocessing = 0;
		};
/* End PBXSourcesBuildPhase section */

/* Begin XCBuildConfiguration section */
		620D94E81AD2317300DB5161 /* Debug */ = {
			isa = XCBuildConfiguration;
			buildSettings = {
				ALWAYS_SEARCH_USER_PATHS = NO;
				CLANG_CXX_LANGUAGE_STANDARD = "gnu++0x";
				CLANG_CXX_LIBRARY = "libc++";
				CLANG_ENABLE_MODULES = YES;
				CLANG_ENABLE_OBJC_ARC = YES;
				CLANG_WARN_BOOL_CONVERSION = YES;
				CLANG_WARN_CONSTANT_CONVERSION = YES;
				CLANG_WARN_DIRECT_OBJC_ISA_USAGE = YES_ERROR;
				CLANG_WARN_EMPTY_BODY = YES;
				CLANG_WARN_ENUM_CONVERSION = YES;
				CLANG_WARN_INT_CONVERSION = YES;
				CLANG_WARN_OBJC_ROOT_CLASS = YES_ERROR;
				CLANG_WARN_UNREACHABLE_CODE = YES;
				CLANG_WARN__DUPLICATE_METHOD_MATCH = YES;
				COPY_PHASE_STRIP = NO;
				ENABLE_STRICT_OBJC_MSGSEND = YES;
				GCC_C_LANGUAGE_STANDARD = gnu99;
				GCC_DYNAMIC_NO_PIC = NO;
				GCC_OPTIMIZATION_LEVEL = 0;
				GCC_PREPROCESSOR_DEFINITIONS = (
					"DEBUG=1",
					"$(inherited)",
				);
				GCC_SYMBOLS_PRIVATE_EXTERN = NO;
				GCC_WARN_64_TO_32_BIT_CONVERSION = YES;
				GCC_WARN_ABOUT_RETURN_TYPE = YES_ERROR;
				GCC_WARN_UNDECLARED_SELECTOR = YES;
				GCC_WARN_UNINITIALIZED_AUTOS = YES_AGGRESSIVE;
				GCC_WARN_UNUSED_FUNCTION = YES;
				GCC_WARN_UNUSED_VARIABLE = YES;
				MACOSX_DEPLOYMENT_TARGET = 10.10;
				MTL_ENABLE_DEBUG_INFO = YES;
				ONLY_ACTIVE_ARCH = YES;
				SDKROOT = macosx;
			};
			name = Debug;
		};
		620D94E91AD2317300DB5161 /* Release */ = {
			isa = XCBuildConfiguration;
			buildSettings = {
				ALWAYS_SEARCH_USER_PATHS = NO;
				CLANG_CXX_LANGUAGE_STANDARD = "gnu++0x";
				CLANG_CXX_LIBRARY = "libc++";
				CLANG_ENABLE_MODULES = YES;
				CLANG_ENABLE_OBJC_ARC = YES;
				CLANG_WARN_BOOL_CONVERSION = YES;
				CLANG_WARN_CONSTANT_CONVERSION = YES;
				CLANG_WARN_DIRECT_OBJC_ISA_USAGE = YES_ERROR;
				CLANG_WARN_EMPTY_BODY = YES;
				CLANG_WARN_ENUM_CONVERSION = YES;
				CLANG_WARN_INT_CONVERSION = YES;
				CLANG_WARN_OBJC_ROOT_CLASS = YES_ERROR;
				CLANG_WARN_UNREACHABLE_CODE = YES;
				CLANG_WARN__DUPLICATE_METHOD_MATCH = YES;
				COPY_PHASE_STRIP = NO;
				DEBUG_INFORMATION_FORMAT = "dwarf-with-dsym";
				ENABLE_NS_ASSERTIONS = NO;
				ENABLE_STRICT_OBJC_MSGSEND = YES;
				GCC_C_LANGUAGE_STANDARD = gnu99;
				GCC_WARN_64_TO_32_BIT_CONVERSION = YES;
				GCC_WARN_ABOUT_RETURN_TYPE = YES_ERROR;
				GCC_WARN_UNDECLARED_SELECTOR = YES;
				GCC_WARN_UNINITIALIZED_AUTOS = YES_AGGRESSIVE;
				GCC_WARN_UNUSED_FUNCTION = YES;
				GCC_WARN_UNUSED_VARIABLE = YES;
				MACOSX_DEPLOYMENT_TARGET = 10.10;
				MTL_ENABLE_DEBUG_INFO = NO;
				SDKROOT = macosx;
			};
			name = Release;
		};
		620D94EB1AD2317300DB5161 /* Debug */ = {
			isa = XCBuildConfiguration;
			buildSettings = {
				PRODUCT_NAME = "$(TARGET_NAME)";
			};
			name = Debug;
		};
		620D94EC1AD2317300DB5161 /* Release */ = {
			isa = XCBuildConfiguration;
			buildSettings = {
				PRODUCT_NAME = "$(TARGET_NAME)";
			};
			name = Release;
		};
/* End XCBuildConfiguration section */

/* Begin XCConfigurationList section */
		620D94DE1AD2317300DB5161 /* Build configuration list for PBXProject "BrowerOtisHW8" */ = {
			isa = XCConfigurationList;
			buildConfigurations = (
				620D94E81AD2317300DB5161 /* Debug */,
				620D94E91AD2317300DB5161 /* Release */,
			);
			defaultConfigurationIsVisible = 0;
			defaultConfigurationName = Release;
		};
		620D94EA1AD2317300DB5161 /* Build configuration list for PBXNativeTarget "BrowerOtisHW8" */ = {
			isa = XCConfigurationList;
			buildConfigurations = (
				620D94EB1AD2317300DB5161 /* Debug */,
				620D94EC1AD2317300DB5161 /* Release */,
			);
			defaultConfigurationIsVisible = 0;
		};
/* End XCConfigurationList section */
	};
	rootObject = 620D94DB1AD2317300DB5161 /* Project object */;
}
