// !$*UTF8*$!
{
	archiveVersion = 1;
	classes = {
	};
	objectVersion = 46;
	objects = {

/* Begin PBXBuildFile section */
		364405CC1BAF548900E15DD4 /* AppDelegate.swift in Sources */ = {isa = PBXBuildFile; fileRef = 364405CB1BAF548900E15DD4 /* AppDelegate.swift */; };
		364405D11BAF548900E15DD4 /* Main.storyboard in Resources */ = {isa = PBXBuildFile; fileRef = 364405CF1BAF548900E15DD4 /* Main.storyboard */; };
		364405D31BAF548900E15DD4 /* Images.xcassets in Resources */ = {isa = PBXBuildFile; fileRef = 364405D21BAF548900E15DD4 /* Images.xcassets */; };
		364405D61BAF548900E15DD4 /* LaunchScreen.xib in Resources */ = {isa = PBXBuildFile; fileRef = 364405D41BAF548900E15DD4 /* LaunchScreen.xib */; };
		364405E21BAF548900E15DD4 /* TestScrollViewSwiftTests.swift in Sources */ = {isa = PBXBuildFile; fileRef = 364405E11BAF548900E15DD4 /* TestScrollViewSwiftTests.swift */; };
		364406201BAF598200E15DD4 /* photo1.png in Resources */ = {isa = PBXBuildFile; fileRef = 3644061A1BAF598200E15DD4 /* photo1.png */; };
		364406211BAF598200E15DD4 /* photo2.png in Resources */ = {isa = PBXBuildFile; fileRef = 3644061B1BAF598200E15DD4 /* photo2.png */; };
		364406221BAF598200E15DD4 /* photo3.png in Resources */ = {isa = PBXBuildFile; fileRef = 3644061C1BAF598200E15DD4 /* photo3.png */; };
		364406231BAF598200E15DD4 /* photo4.png in Resources */ = {isa = PBXBuildFile; fileRef = 3644061D1BAF598200E15DD4 /* photo4.png */; };
		364406241BAF598200E15DD4 /* photo5.png in Resources */ = {isa = PBXBuildFile; fileRef = 3644061E1BAF598200E15DD4 /* photo5.png */; };
		364406251BAF598200E15DD4 /* slow.png in Resources */ = {isa = PBXBuildFile; fileRef = 3644061F1BAF598200E15DD4 /* slow.png */; };
		364406271BAF5F7400E15DD4 /* MyTableViewController.swift in Sources */ = {isa = PBXBuildFile; fileRef = 364406261BAF5F7400E15DD4 /* MyTableViewController.swift */; };
		364406291BAF610B00E15DD4 /* MyImageScrollViewController.swift in Sources */ = {isa = PBXBuildFile; fileRef = 364406281BAF610B00E15DD4 /* MyImageScrollViewController.swift */; };
		3644062B1BAFA4FB00E15DD4 /* MyCustomScrollViewController.swift in Sources */ = {isa = PBXBuildFile; fileRef = 3644062A1BAFA4FB00E15DD4 /* MyCustomScrollViewController.swift */; };
		3644062D1BB0212100E15DD4 /* MyPagedScrollViewController.swift in Sources */ = {isa = PBXBuildFile; fileRef = 3644062C1BB0212100E15DD4 /* MyPagedScrollViewController.swift */; };
		3644062F1BB02B1A00E15DD4 /* MyPeekPagedScrollViewController.swift in Sources */ = {isa = PBXBuildFile; fileRef = 3644062E1BB02B1A00E15DD4 /* MyPeekPagedScrollViewController.swift */; };
/* End PBXBuildFile section */

/* Begin PBXContainerItemProxy section */
		364405DC1BAF548900E15DD4 /* PBXContainerItemProxy */ = {
			isa = PBXContainerItemProxy;
			containerPortal = 364405BE1BAF548900E15DD4 /* Project object */;
			proxyType = 1;
			remoteGlobalIDString = 364405C51BAF548900E15DD4;
			remoteInfo = TestScrollViewSwift;
		};
/* End PBXContainerItemProxy section */

/* Begin PBXFileReference section */
		364405C61BAF548900E15DD4 /* TestScrollViewSwift.app */ = {isa = PBXFileReference; explicitFileType = wrapper.application; includeInIndex = 0; path = TestScrollViewSwift.app; sourceTree = BUILT_PRODUCTS_DIR; };
		364405CA1BAF548900E15DD4 /* Info.plist */ = {isa = PBXFileReference; lastKnownFileType = text.plist.xml; path = Info.plist; sourceTree = "<group>"; };
		364405CB1BAF548900E15DD4 /* AppDelegate.swift */ = {isa = PBXFileReference; lastKnownFileType = sourcecode.swift; path = AppDelegate.swift; sourceTree = "<group>"; };
		364405D01BAF548900E15DD4 /* Base */ = {isa = PBXFileReference; lastKnownFileType = file.storyboard; name = Base; path = Base.lproj/Main.storyboard; sourceTree = "<group>"; };
		364405D21BAF548900E15DD4 /* Images.xcassets */ = {isa = PBXFileReference; lastKnownFileType = folder.assetcatalog; path = Images.xcassets; sourceTree = "<group>"; };
		364405D51BAF548900E15DD4 /* Base */ = {isa = PBXFileReference; lastKnownFileType = file.xib; name = Base; path = Base.lproj/LaunchScreen.xib; sourceTree = "<group>"; };
		364405DB1BAF548900E15DD4 /* TestScrollViewSwiftTests.xctest */ = {isa = PBXFileReference; explicitFileType = wrapper.cfbundle; includeInIndex = 0; path = TestScrollViewSwiftTests.xctest; sourceTree = BUILT_PRODUCTS_DIR; };
		364405E01BAF548900E15DD4 /* Info.plist */ = {isa = PBXFileReference; lastKnownFileType = text.plist.xml; path = Info.plist; sourceTree = "<group>"; };
		364405E11BAF548900E15DD4 /* TestScrollViewSwiftTests.swift */ = {isa = PBXFileReference; lastKnownFileType = sourcecode.swift; path = TestScrollViewSwiftTests.swift; sourceTree = "<group>"; };
		3644061A1BAF598200E15DD4 /* photo1.png */ = {isa = PBXFileReference; lastKnownFileType = image.png; name = photo1.png; path = images/photo1.png; sourceTree = "<group>"; };
		3644061B1BAF598200E15DD4 /* photo2.png */ = {isa = PBXFileReference; lastKnownFileType = image.png; name = photo2.png; path = images/photo2.png; sourceTree = "<group>"; };
		3644061C1BAF598200E15DD4 /* photo3.png */ = {isa = PBXFileReference; lastKnownFileType = image.png; name = photo3.png; path = images/photo3.png; sourceTree = "<group>"; };
		3644061D1BAF598200E15DD4 /* photo4.png */ = {isa = PBXFileReference; lastKnownFileType = image.png; name = photo4.png; path = images/photo4.png; sourceTree = "<group>"; };
		3644061E1BAF598200E15DD4 /* photo5.png */ = {isa = PBXFileReference; lastKnownFileType = image.png; name = photo5.png; path = images/photo5.png; sourceTree = "<group>"; };
		3644061F1BAF598200E15DD4 /* slow.png */ = {isa = PBXFileReference; lastKnownFileType = image.png; name = slow.png; path = images/slow.png; sourceTree = "<group>"; };
		364406261BAF5F7400E15DD4 /* MyTableViewController.swift */ = {isa = PBXFileReference; fileEncoding = 4; lastKnownFileType = sourcecode.swift; path = MyTableViewController.swift; sourceTree = "<group>"; };
		364406281BAF610B00E15DD4 /* MyImageScrollViewController.swift */ = {isa = PBXFileReference; fileEncoding = 4; lastKnownFileType = sourcecode.swift; path = MyImageScrollViewController.swift; sourceTree = "<group>"; };
		3644062A1BAFA4FB00E15DD4 /* MyCustomScrollViewController.swift */ = {isa = PBXFileReference; fileEncoding = 4; lastKnownFileType = sourcecode.swift; path = MyCustomScrollViewController.swift; sourceTree = "<group>"; };
		3644062C1BB0212100E15DD4 /* MyPagedScrollViewController.swift */ = {isa = PBXFileReference; fileEncoding = 4; lastKnownFileType = sourcecode.swift; path = MyPagedScrollViewController.swift; sourceTree = "<group>"; };
		3644062E1BB02B1A00E15DD4 /* MyPeekPagedScrollViewController.swift */ = {isa = PBXFileReference; fileEncoding = 4; lastKnownFileType = sourcecode.swift; path = MyPeekPagedScrollViewController.swift; sourceTree = "<group>"; };
/* End PBXFileReference section */

/* Begin PBXFrameworksBuildPhase section */
		364405C31BAF548900E15DD4 /* Frameworks */ = {
			isa = PBXFrameworksBuildPhase;
			buildActionMask = 2147483647;
			files = (
			);
			runOnlyForDeploymentPostprocessing = 0;
		};
		364405D81BAF548900E15DD4 /* Frameworks */ = {
			isa = PBXFrameworksBuildPhase;
			buildActionMask = 2147483647;
			files = (
			);
			runOnlyForDeploymentPostprocessing = 0;
		};
/* End PBXFrameworksBuildPhase section */

/* Begin PBXGroup section */
		364405BD1BAF548900E15DD4 = {
			isa = PBXGroup;
			children = (
				364405C81BAF548900E15DD4 /* TestScrollViewSwift */,
				364405DE1BAF548900E15DD4 /* TestScrollViewSwiftTests */,
				364405C71BAF548900E15DD4 /* Products */,
			);
			sourceTree = "<group>";
		};
		364405C71BAF548900E15DD4 /* Products */ = {
			isa = PBXGroup;
			children = (
				364405C61BAF548900E15DD4 /* TestScrollViewSwift.app */,
				364405DB1BAF548900E15DD4 /* TestScrollViewSwiftTests.xctest */,
			);
			name = Products;
			sourceTree = "<group>";
		};
		364405C81BAF548900E15DD4 /* TestScrollViewSwift */ = {
			isa = PBXGroup;
			children = (
				364405CB1BAF548900E15DD4 /* AppDelegate.swift */,
				364406261BAF5F7400E15DD4 /* MyTableViewController.swift */,
				364406281BAF610B00E15DD4 /* MyImageScrollViewController.swift */,
				3644062A1BAFA4FB00E15DD4 /* MyCustomScrollViewController.swift */,
				3644062C1BB0212100E15DD4 /* MyPagedScrollViewController.swift */,
				3644062E1BB02B1A00E15DD4 /* MyPeekPagedScrollViewController.swift */,
				364405CF1BAF548900E15DD4 /* Main.storyboard */,
				364405D21BAF548900E15DD4 /* Images.xcassets */,
				364406191BAF596F00E15DD4 /* images */,
				364405D41BAF548900E15DD4 /* LaunchScreen.xib */,
				364405C91BAF548900E15DD4 /* Supporting Files */,
			);
			path = TestScrollViewSwift;
			sourceTree = "<group>";
		};
		364405C91BAF548900E15DD4 /* Supporting Files */ = {
			isa = PBXGroup;
			children = (
				364405CA1BAF548900E15DD4 /* Info.plist */,
			);
			name = "Supporting Files";
			sourceTree = "<group>";
		};
		364405DE1BAF548900E15DD4 /* TestScrollViewSwiftTests */ = {
			isa = PBXGroup;
			children = (
				364405E11BAF548900E15DD4 /* TestScrollViewSwiftTests.swift */,
				364405DF1BAF548900E15DD4 /* Supporting Files */,
			);
			path = TestScrollViewSwiftTests;
			sourceTree = "<group>";
		};
		364405DF1BAF548900E15DD4 /* Supporting Files */ = {
			isa = PBXGroup;
			children = (
				364405E01BAF548900E15DD4 /* Info.plist */,
			);
			name = "Supporting Files";
			sourceTree = "<group>";
		};
		364406191BAF596F00E15DD4 /* images */ = {
			isa = PBXGroup;
			children = (
				3644061A1BAF598200E15DD4 /* photo1.png */,
				3644061B1BAF598200E15DD4 /* photo2.png */,
				3644061C1BAF598200E15DD4 /* photo3.png */,
				3644061D1BAF598200E15DD4 /* photo4.png */,
				3644061E1BAF598200E15DD4 /* photo5.png */,
				3644061F1BAF598200E15DD4 /* slow.png */,
			);
			name = images;
			sourceTree = "<group>";
		};
/* End PBXGroup section */

/* Begin PBXNativeTarget section */
		364405C51BAF548900E15DD4 /* TestScrollViewSwift */ = {
			isa = PBXNativeTarget;
			buildConfigurationList = 364405E51BAF548900E15DD4 /* Build configuration list for PBXNativeTarget "TestScrollViewSwift" */;
			buildPhases = (
				364405C21BAF548900E15DD4 /* Sources */,
				364405C31BAF548900E15DD4 /* Frameworks */,
				364405C41BAF548900E15DD4 /* Resources */,
			);
			buildRules = (
			);
			dependencies = (
			);
			name = TestScrollViewSwift;
			productName = TestScrollViewSwift;
			productReference = 364405C61BAF548900E15DD4 /* TestScrollViewSwift.app */;
			productType = "com.apple.product-type.application";
		};
		364405DA1BAF548900E15DD4 /* TestScrollViewSwiftTests */ = {
			isa = PBXNativeTarget;
			buildConfigurationList = 364405E81BAF548900E15DD4 /* Build configuration list for PBXNativeTarget "TestScrollViewSwiftTests" */;
			buildPhases = (
				364405D71BAF548900E15DD4 /* Sources */,
				364405D81BAF548900E15DD4 /* Frameworks */,
				364405D91BAF548900E15DD4 /* Resources */,
			);
			buildRules = (
			);
			dependencies = (
				364405DD1BAF548900E15DD4 /* PBXTargetDependency */,
			);
			name = TestScrollViewSwiftTests;
			productName = TestScrollViewSwiftTests;
			productReference = 364405DB1BAF548900E15DD4 /* TestScrollViewSwiftTests.xctest */;
			productType = "com.apple.product-type.bundle.unit-test";
		};
/* End PBXNativeTarget section */

/* Begin PBXProject section */
		364405BE1BAF548900E15DD4 /* Project object */ = {
			isa = PBXProject;
			attributes = {
				LastSwiftMigration = 0700;
				LastSwiftUpdateCheck = 0700;
				LastUpgradeCheck = 0700;
				ORGANIZATIONNAME = cs378;
				TargetAttributes = {
					364405C51BAF548900E15DD4 = {
						CreatedOnToolsVersion = 6.4;
					};
					364405DA1BAF548900E15DD4 = {
						CreatedOnToolsVersion = 6.4;
						TestTargetID = 364405C51BAF548900E15DD4;
					};
				};
			};
			buildConfigurationList = 364405C11BAF548900E15DD4 /* Build configuration list for PBXProject "TestScrollViewSwift" */;
			compatibilityVersion = "Xcode 3.2";
			developmentRegion = English;
			hasScannedForEncodings = 0;
			knownRegions = (
				en,
				Base,
			);
			mainGroup = 364405BD1BAF548900E15DD4;
			productRefGroup = 364405C71BAF548900E15DD4 /* Products */;
			projectDirPath = "";
			projectRoot = "";
			targets = (
				364405C51BAF548900E15DD4 /* TestScrollViewSwift */,
				364405DA1BAF548900E15DD4 /* TestScrollViewSwiftTests */,
			);
		};
/* End PBXProject section */

/* Begin PBXResourcesBuildPhase section */
		364405C41BAF548900E15DD4 /* Resources */ = {
			isa = PBXResourcesBuildPhase;
			buildActionMask = 2147483647;
			files = (
				364406231BAF598200E15DD4 /* photo4.png in Resources */,
				364406211BAF598200E15DD4 /* photo2.png in Resources */,
				364406251BAF598200E15DD4 /* slow.png in Resources */,
				364406201BAF598200E15DD4 /* photo1.png in Resources */,
				364405D11BAF548900E15DD4 /* Main.storyboard in Resources */,
				364406241BAF598200E15DD4 /* photo5.png in Resources */,
				364405D61BAF548900E15DD4 /* LaunchScreen.xib in Resources */,
				364406221BAF598200E15DD4 /* photo3.png in Resources */,
				364405D31BAF548900E15DD4 /* Images.xcassets in Resources */,
			);
			runOnlyForDeploymentPostprocessing = 0;
		};
		364405D91BAF548900E15DD4 /* Resources */ = {
			isa = PBXResourcesBuildPhase;
			buildActionMask = 2147483647;
			files = (
			);
			runOnlyForDeploymentPostprocessing = 0;
		};
/* End PBXResourcesBuildPhase section */

/* Begin PBXSourcesBuildPhase section */
		364405C21BAF548900E15DD4 /* Sources */ = {
			isa = PBXSourcesBuildPhase;
			buildActionMask = 2147483647;
			files = (
				3644062B1BAFA4FB00E15DD4 /* MyCustomScrollViewController.swift in Sources */,
				3644062D1BB0212100E15DD4 /* MyPagedScrollViewController.swift in Sources */,
				3644062F1BB02B1A00E15DD4 /* MyPeekPagedScrollViewController.swift in Sources */,
				364406291BAF610B00E15DD4 /* MyImageScrollViewController.swift in Sources */,
				364406271BAF5F7400E15DD4 /* MyTableViewController.swift in Sources */,
				364405CC1BAF548900E15DD4 /* AppDelegate.swift in Sources */,
			);
			runOnlyForDeploymentPostprocessing = 0;
		};
		364405D71BAF548900E15DD4 /* Sources */ = {
			isa = PBXSourcesBuildPhase;
			buildActionMask = 2147483647;
			files = (
				364405E21BAF548900E15DD4 /* TestScrollViewSwiftTests.swift in Sources */,
			);
			runOnlyForDeploymentPostprocessing = 0;
		};
/* End PBXSourcesBuildPhase section */

/* Begin PBXTargetDependency section */
		364405DD1BAF548900E15DD4 /* PBXTargetDependency */ = {
			isa = PBXTargetDependency;
			target = 364405C51BAF548900E15DD4 /* TestScrollViewSwift */;
			targetProxy = 364405DC1BAF548900E15DD4 /* PBXContainerItemProxy */;
		};
/* End PBXTargetDependency section */

/* Begin PBXVariantGroup section */
		364405CF1BAF548900E15DD4 /* Main.storyboard */ = {
			isa = PBXVariantGroup;
			children = (
				364405D01BAF548900E15DD4 /* Base */,
			);
			name = Main.storyboard;
			sourceTree = "<group>";
		};
		364405D41BAF548900E15DD4 /* LaunchScreen.xib */ = {
			isa = PBXVariantGroup;
			children = (
				364405D51BAF548900E15DD4 /* Base */,
			);
			name = LaunchScreen.xib;
			sourceTree = "<group>";
		};
/* End PBXVariantGroup section */

/* Begin XCBuildConfiguration section */
		364405E31BAF548900E15DD4 /* Debug */ = {
			isa = XCBuildConfiguration;
			buildSettings = {
				ALWAYS_SEARCH_USER_PATHS = NO;
				CLANG_CXX_LANGUAGE_STANDARD = "gnu++0x";
				CLANG_CXX_LIBRARY = "libc++";
				CLANG_ENABLE_MODULES = YES;
				CLANG_ENABLE_OBJC_ARC = YES;
				CLANG_WARN_BOOL_CONVERSION = YES;
				CLANG_WARN_CONSTANT_CONVERSION = YES;
				CLANG_WARN_DIRECT_OBJC_ISA_USAGE = YES_ERROR;
				CLANG_WARN_EMPTY_BODY = YES;
				CLANG_WARN_ENUM_CONVERSION = YES;
				CLANG_WARN_INT_CONVERSION = YES;
				CLANG_WARN_OBJC_ROOT_CLASS = YES_ERROR;
				CLANG_WARN_UNREACHABLE_CODE = YES;
				CLANG_WARN__DUPLICATE_METHOD_MATCH = YES;
				"CODE_SIGN_IDENTITY[sdk=iphoneos*]" = "iPhone Developer";
				COPY_PHASE_STRIP = NO;
				DEBUG_INFORMATION_FORMAT = "dwarf-with-dsym";
				ENABLE_STRICT_OBJC_MSGSEND = YES;
				ENABLE_TESTABILITY = YES;
				GCC_C_LANGUAGE_STANDARD = gnu99;
				GCC_DYNAMIC_NO_PIC = NO;
				GCC_NO_COMMON_BLOCKS = YES;
				GCC_OPTIMIZATION_LEVEL = 0;
				GCC_PREPROCESSOR_DEFINITIONS = (
					"DEBUG=1",
					"$(inherited)",
				);
				GCC_SYMBOLS_PRIVATE_EXTERN = NO;
				GCC_WARN_64_TO_32_BIT_CONVERSION = YES;
				GCC_WARN_ABOUT_RETURN_TYPE = YES_ERROR;
				GCC_WARN_UNDECLARED_SELECTOR = YES;
				GCC_WARN_UNINITIALIZED_AUTOS = YES_AGGRESSIVE;
				GCC_WARN_UNUSED_FUNCTION = YES;
				GCC_WARN_UNUSED_VARIABLE = YES;
				IPHONEOS_DEPLOYMENT_TARGET = 8.4;
				MTL_ENABLE_DEBUG_INFO = YES;
				ONLY_ACTIVE_ARCH = YES;
				SDKROOT = iphoneos;
				SWIFT_OPTIMIZATION_LEVEL = "-Onone";
				TARGETED_DEVICE_FAMILY = "1,2";
			};
			name = Debug;
		};
		364405E41BAF548900E15DD4 /* Release */ = {
			isa = XCBuildConfiguration;
			buildSettings = {
				ALWAYS_SEARCH_USER_PATHS = NO;
				CLANG_CXX_LANGUAGE_STANDARD = "gnu++0x";
				CLANG_CXX_LIBRARY = "libc++";
				CLANG_ENABLE_MODULES = YES;
				CLANG_ENABLE_OBJC_ARC = YES;
				CLANG_WARN_BOOL_CONVERSION = YES;
				CLANG_WARN_CONSTANT_CONVERSION = YES;
				CLANG_WARN_DIRECT_OBJC_ISA_USAGE = YES_ERROR;
				CLANG_WARN_EMPTY_BODY = YES;
				CLANG_WARN_ENUM_CONVERSION = YES;
				CLANG_WARN_INT_CONVERSION = YES;
				CLANG_WARN_OBJC_ROOT_CLASS = YES_ERROR;
				CLANG_WARN_UNREACHABLE_CODE = YES;
				CLANG_WARN__DUPLICATE_METHOD_MATCH = YES;
				"CODE_SIGN_IDENTITY[sdk=iphoneos*]" = "iPhone Developer";
				COPY_PHASE_STRIP = NO;
				DEBUG_INFORMATION_FORMAT = "dwarf-with-dsym";
				ENABLE_NS_ASSERTIONS = NO;
				ENABLE_STRICT_OBJC_MSGSEND = YES;
				GCC_C_LANGUAGE_STANDARD = gnu99;
				GCC_NO_COMMON_BLOCKS = YES;
				GCC_WARN_64_TO_32_BIT_CONVERSION = YES;
				GCC_WARN_ABOUT_RETURN_TYPE = YES_ERROR;
				GCC_WARN_UNDECLARED_SELECTOR = YES;
				GCC_WARN_UNINITIALIZED_AUTOS = YES_AGGRESSIVE;
				GCC_WARN_UNUSED_FUNCTION = YES;
				GCC_WARN_UNUSED_VARIABLE = YES;
				IPHONEOS_DEPLOYMENT_TARGET = 8.4;
				MTL_ENABLE_DEBUG_INFO = NO;
				SDKROOT = iphoneos;
				TARGETED_DEVICE_FAMILY = "1,2";
				VALIDATE_PRODUCT = YES;
			};
			name = Release;
		};
		364405E61BAF548900E15DD4 /* Debug */ = {
			isa = XCBuildConfiguration;
			buildSettings = {
				ASSETCATALOG_COMPILER_APPICON_NAME = AppIcon;
				INFOPLIST_FILE = TestScrollViewSwift/Info.plist;
				LD_RUNPATH_SEARCH_PATHS = "$(inherited) @executable_path/Frameworks";
				PRODUCT_BUNDLE_IDENTIFIER = "com.cs378.$(PRODUCT_NAME:rfc1034identifier)";
				PRODUCT_NAME = "$(TARGET_NAME)";
			};
			name = Debug;
		};
		364405E71BAF548900E15DD4 /* Release */ = {
			isa = XCBuildConfiguration;
			buildSettings = {
				ASSETCATALOG_COMPILER_APPICON_NAME = AppIcon;
				INFOPLIST_FILE = TestScrollViewSwift/Info.plist;
				LD_RUNPATH_SEARCH_PATHS = "$(inherited) @executable_path/Frameworks";
				PRODUCT_BUNDLE_IDENTIFIER = "com.cs378.$(PRODUCT_NAME:rfc1034identifier)";
				PRODUCT_NAME = "$(TARGET_NAME)";
			};
			name = Release;
		};
		364405E91BAF548900E15DD4 /* Debug */ = {
			isa = XCBuildConfiguration;
			buildSettings = {
				BUNDLE_LOADER = "$(TEST_HOST)";
				FRAMEWORK_SEARCH_PATHS = "$(inherited)";
				GCC_PREPROCESSOR_DEFINITIONS = (
					"DEBUG=1",
					"$(inherited)",
				);
				INFOPLIST_FILE = TestScrollViewSwiftTests/Info.plist;
				LD_RUNPATH_SEARCH_PATHS = "$(inherited) @executable_path/Frameworks @loader_path/Frameworks";
				PRODUCT_BUNDLE_IDENTIFIER = "com.cs378.$(PRODUCT_NAME:rfc1034identifier)";
				PRODUCT_NAME = "$(TARGET_NAME)";
				TEST_HOST = "$(BUILT_PRODUCTS_DIR)/TestScrollViewSwift.app/TestScrollViewSwift";
			};
			name = Debug;
		};
		364405EA1BAF548900E15DD4 /* Release */ = {
			isa = XCBuildConfiguration;
			buildSettings = {
				BUNDLE_LOADER = "$(TEST_HOST)";
				FRAMEWORK_SEARCH_PATHS = "$(inherited)";
				INFOPLIST_FILE = TestScrollViewSwiftTests/Info.plist;
				LD_RUNPATH_SEARCH_PATHS = "$(inherited) @executable_path/Frameworks @loader_path/Frameworks";
				PRODUCT_BUNDLE_IDENTIFIER = "com.cs378.$(PRODUCT_NAME:rfc1034identifier)";
				PRODUCT_NAME = "$(TARGET_NAME)";
				TEST_HOST = "$(BUILT_PRODUCTS_DIR)/TestScrollViewSwift.app/TestScrollViewSwift";
			};
			name = Release;
		};
/* End XCBuildConfiguration section */

/* Begin XCConfigurationList section */
		364405C11BAF548900E15DD4 /* Build configuration list for PBXProject "TestScrollViewSwift" */ = {
			isa = XCConfigurationList;
			buildConfigurations = (
				364405E31BAF548900E15DD4 /* Debug */,
				364405E41BAF548900E15DD4 /* Release */,
			);
			defaultConfigurationIsVisible = 0;
			defaultConfigurationName = Release;
		};
		364405E51BAF548900E15DD4 /* Build configuration list for PBXNativeTarget "TestScrollViewSwift" */ = {
			isa = XCConfigurationList;
			buildConfigurations = (
				364405E61BAF548900E15DD4 /* Debug */,
				364405E71BAF548900E15DD4 /* Release */,
			);
			defaultConfigurationIsVisible = 0;
			defaultConfigurationName = Release;
		};
		364405E81BAF548900E15DD4 /* Build configuration list for PBXNativeTarget "TestScrollViewSwiftTests" */ = {
			isa = XCConfigurationList;
			buildConfigurations = (
				364405E91BAF548900E15DD4 /* Debug */,
				364405EA1BAF548900E15DD4 /* Release */,
			);
			defaultConfigurationIsVisible = 0;
			defaultConfigurationName = Release;
		};
/* End XCConfigurationList section */
	};
	rootObject = 364405BE1BAF548900E15DD4 /* Project object */;
}
