// !$*UTF8*$!
{
	archiveVersion = 1;
	classes = {
	};
	objectVersion = 46;
	objects = {

/* Begin PBXBuildFile section */
		620E4CB81B9FAEB100BF7CAB /* AppDelegate.swift in Sources */ = {isa = PBXBuildFile; fileRef = 620E4CB71B9FAEB100BF7CAB /* AppDelegate.swift */; };
		620E4CBA1B9FAEB100BF7CAB /* ViewController.swift in Sources */ = {isa = PBXBuildFile; fileRef = 620E4CB91B9FAEB100BF7CAB /* ViewController.swift */; };
		620E4CBD1B9FAEB100BF7CAB /* Main.storyboard in Resources */ = {isa = PBXBuildFile; fileRef = 620E4CBB1B9FAEB100BF7CAB /* Main.storyboard */; };
		620E4CBF1B9FAEB100BF7CAB /* Images.xcassets in Resources */ = {isa = PBXBuildFile; fileRef = 620E4CBE1B9FAEB100BF7CAB /* Images.xcassets */; };
		620E4CC21B9FAEB100BF7CAB /* LaunchScreen.xib in Resources */ = {isa = PBXBuildFile; fileRef = 620E4CC01B9FAEB100BF7CAB /* LaunchScreen.xib */; };
		620E4CCE1B9FAEB100BF7CAB /* browerotis_hw1Tests.swift in Sources */ = {isa = PBXBuildFile; fileRef = 620E4CCD1B9FAEB100BF7CAB /* browerotis_hw1Tests.swift */; };
/* End PBXBuildFile section */

/* Begin PBXContainerItemProxy section */
		620E4CC81B9FAEB100BF7CAB /* PBXContainerItemProxy */ = {
			isa = PBXContainerItemProxy;
			containerPortal = 620E4CAA1B9FAEB100BF7CAB /* Project object */;
			proxyType = 1;
			remoteGlobalIDString = 620E4CB11B9FAEB100BF7CAB;
			remoteInfo = "browerotis-hw1";
		};
/* End PBXContainerItemProxy section */

/* Begin PBXFileReference section */
		620E4CB21B9FAEB100BF7CAB /* browerotis-hw1.app */ = {isa = PBXFileReference; explicitFileType = wrapper.application; includeInIndex = 0; path = "browerotis-hw1.app"; sourceTree = BUILT_PRODUCTS_DIR; };
		620E4CB61B9FAEB100BF7CAB /* Info.plist */ = {isa = PBXFileReference; lastKnownFileType = text.plist.xml; path = Info.plist; sourceTree = "<group>"; };
		620E4CB71B9FAEB100BF7CAB /* AppDelegate.swift */ = {isa = PBXFileReference; lastKnownFileType = sourcecode.swift; path = AppDelegate.swift; sourceTree = "<group>"; };
		620E4CB91B9FAEB100BF7CAB /* ViewController.swift */ = {isa = PBXFileReference; lastKnownFileType = sourcecode.swift; path = ViewController.swift; sourceTree = "<group>"; };
		620E4CBC1B9FAEB100BF7CAB /* Base */ = {isa = PBXFileReference; lastKnownFileType = file.storyboard; name = Base; path = Base.lproj/Main.storyboard; sourceTree = "<group>"; };
		620E4CBE1B9FAEB100BF7CAB /* Images.xcassets */ = {isa = PBXFileReference; lastKnownFileType = folder.assetcatalog; path = Images.xcassets; sourceTree = "<group>"; };
		620E4CC11B9FAEB100BF7CAB /* Base */ = {isa = PBXFileReference; lastKnownFileType = file.xib; name = Base; path = Base.lproj/LaunchScreen.xib; sourceTree = "<group>"; };
		620E4CC71B9FAEB100BF7CAB /* browerotis-hw1Tests.xctest */ = {isa = PBXFileReference; explicitFileType = wrapper.cfbundle; includeInIndex = 0; path = "browerotis-hw1Tests.xctest"; sourceTree = BUILT_PRODUCTS_DIR; };
		620E4CCC1B9FAEB100BF7CAB /* Info.plist */ = {isa = PBXFileReference; lastKnownFileType = text.plist.xml; path = Info.plist; sourceTree = "<group>"; };
		620E4CCD1B9FAEB100BF7CAB /* browerotis_hw1Tests.swift */ = {isa = PBXFileReference; lastKnownFileType = sourcecode.swift; path = browerotis_hw1Tests.swift; sourceTree = "<group>"; };
/* End PBXFileReference section */

/* Begin PBXFrameworksBuildPhase section */
		620E4CAF1B9FAEB100BF7CAB /* Frameworks */ = {
			isa = PBXFrameworksBuildPhase;
			buildActionMask = 2147483647;
			files = (
			);
			runOnlyForDeploymentPostprocessing = 0;
		};
		620E4CC41B9FAEB100BF7CAB /* Frameworks */ = {
			isa = PBXFrameworksBuildPhase;
			buildActionMask = 2147483647;
			files = (
			);
			runOnlyForDeploymentPostprocessing = 0;
		};
/* End PBXFrameworksBuildPhase section */

/* Begin PBXGroup section */
		620E4CA91B9FAEB100BF7CAB = {
			isa = PBXGroup;
			children = (
				620E4CB41B9FAEB100BF7CAB /* browerotis-hw1 */,
				620E4CCA1B9FAEB100BF7CAB /* browerotis-hw1Tests */,
				620E4CB31B9FAEB100BF7CAB /* Products */,
			);
			sourceTree = "<group>";
		};
		620E4CB31B9FAEB100BF7CAB /* Products */ = {
			isa = PBXGroup;
			children = (
				620E4CB21B9FAEB100BF7CAB /* browerotis-hw1.app */,
				620E4CC71B9FAEB100BF7CAB /* browerotis-hw1Tests.xctest */,
			);
			name = Products;
			sourceTree = "<group>";
		};
		620E4CB41B9FAEB100BF7CAB /* browerotis-hw1 */ = {
			isa = PBXGroup;
			children = (
				620E4CB71B9FAEB100BF7CAB /* AppDelegate.swift */,
				620E4CB91B9FAEB100BF7CAB /* ViewController.swift */,
				620E4CBB1B9FAEB100BF7CAB /* Main.storyboard */,
				620E4CBE1B9FAEB100BF7CAB /* Images.xcassets */,
				620E4CC01B9FAEB100BF7CAB /* LaunchScreen.xib */,
				620E4CB51B9FAEB100BF7CAB /* Supporting Files */,
			);
			path = "browerotis-hw1";
			sourceTree = "<group>";
		};
		620E4CB51B9FAEB100BF7CAB /* Supporting Files */ = {
			isa = PBXGroup;
			children = (
				620E4CB61B9FAEB100BF7CAB /* Info.plist */,
			);
			name = "Supporting Files";
			sourceTree = "<group>";
		};
		620E4CCA1B9FAEB100BF7CAB /* browerotis-hw1Tests */ = {
			isa = PBXGroup;
			children = (
				620E4CCD1B9FAEB100BF7CAB /* browerotis_hw1Tests.swift */,
				620E4CCB1B9FAEB100BF7CAB /* Supporting Files */,
			);
			path = "browerotis-hw1Tests";
			sourceTree = "<group>";
		};
		620E4CCB1B9FAEB100BF7CAB /* Supporting Files */ = {
			isa = PBXGroup;
			children = (
				620E4CCC1B9FAEB100BF7CAB /* Info.plist */,
			);
			name = "Supporting Files";
			sourceTree = "<group>";
		};
/* End PBXGroup section */

/* Begin PBXNativeTarget section */
		620E4CB11B9FAEB100BF7CAB /* browerotis-hw1 */ = {
			isa = PBXNativeTarget;
			buildConfigurationList = 620E4CD11B9FAEB100BF7CAB /* Build configuration list for PBXNativeTarget "browerotis-hw1" */;
			buildPhases = (
				620E4CAE1B9FAEB100BF7CAB /* Sources */,
				620E4CAF1B9FAEB100BF7CAB /* Frameworks */,
				620E4CB01B9FAEB100BF7CAB /* Resources */,
			);
			buildRules = (
			);
			dependencies = (
			);
			name = "browerotis-hw1";
			productName = "browerotis-hw1";
			productReference = 620E4CB21B9FAEB100BF7CAB /* browerotis-hw1.app */;
			productType = "com.apple.product-type.application";
		};
		620E4CC61B9FAEB100BF7CAB /* browerotis-hw1Tests */ = {
			isa = PBXNativeTarget;
			buildConfigurationList = 620E4CD41B9FAEB100BF7CAB /* Build configuration list for PBXNativeTarget "browerotis-hw1Tests" */;
			buildPhases = (
				620E4CC31B9FAEB100BF7CAB /* Sources */,
				620E4CC41B9FAEB100BF7CAB /* Frameworks */,
				620E4CC51B9FAEB100BF7CAB /* Resources */,
			);
			buildRules = (
			);
			dependencies = (
				620E4CC91B9FAEB100BF7CAB /* PBXTargetDependency */,
			);
			name = "browerotis-hw1Tests";
			productName = "browerotis-hw1Tests";
			productReference = 620E4CC71B9FAEB100BF7CAB /* browerotis-hw1Tests.xctest */;
			productType = "com.apple.product-type.bundle.unit-test";
		};
/* End PBXNativeTarget section */

/* Begin PBXProject section */
		620E4CAA1B9FAEB100BF7CAB /* Project object */ = {
			isa = PBXProject;
			attributes = {
				LastUpgradeCheck = 0640;
				ORGANIZATIONNAME = cs378;
				TargetAttributes = {
					620E4CB11B9FAEB100BF7CAB = {
						CreatedOnToolsVersion = 6.4;
					};
					620E4CC61B9FAEB100BF7CAB = {
						CreatedOnToolsVersion = 6.4;
						TestTargetID = 620E4CB11B9FAEB100BF7CAB;
					};
				};
			};
			buildConfigurationList = 620E4CAD1B9FAEB100BF7CAB /* Build configuration list for PBXProject "browerotis-hw1" */;
			compatibilityVersion = "Xcode 3.2";
			developmentRegion = English;
			hasScannedForEncodings = 0;
			knownRegions = (
				en,
				Base,
			);
			mainGroup = 620E4CA91B9FAEB100BF7CAB;
			productRefGroup = 620E4CB31B9FAEB100BF7CAB /* Products */;
			projectDirPath = "";
			projectRoot = "";
			targets = (
				620E4CB11B9FAEB100BF7CAB /* browerotis-hw1 */,
				620E4CC61B9FAEB100BF7CAB /* browerotis-hw1Tests */,
			);
		};
/* End PBXProject section */

/* Begin PBXResourcesBuildPhase section */
		620E4CB01B9FAEB100BF7CAB /* Resources */ = {
			isa = PBXResourcesBuildPhase;
			buildActionMask = 2147483647;
			files = (
				620E4CBD1B9FAEB100BF7CAB /* Main.storyboard in Resources */,
				620E4CC21B9FAEB100BF7CAB /* LaunchScreen.xib in Resources */,
				620E4CBF1B9FAEB100BF7CAB /* Images.xcassets in Resources */,
			);
			runOnlyForDeploymentPostprocessing = 0;
		};
		620E4CC51B9FAEB100BF7CAB /* Resources */ = {
			isa = PBXResourcesBuildPhase;
			buildActionMask = 2147483647;
			files = (
			);
			runOnlyForDeploymentPostprocessing = 0;
		};
/* End PBXResourcesBuildPhase section */

/* Begin PBXSourcesBuildPhase section */
		620E4CAE1B9FAEB100BF7CAB /* Sources */ = {
			isa = PBXSourcesBuildPhase;
			buildActionMask = 2147483647;
			files = (
				620E4CBA1B9FAEB100BF7CAB /* ViewController.swift in Sources */,
				620E4CB81B9FAEB100BF7CAB /* AppDelegate.swift in Sources */,
			);
			runOnlyForDeploymentPostprocessing = 0;
		};
		620E4CC31B9FAEB100BF7CAB /* Sources */ = {
			isa = PBXSourcesBuildPhase;
			buildActionMask = 2147483647;
			files = (
				620E4CCE1B9FAEB100BF7CAB /* browerotis_hw1Tests.swift in Sources */,
			);
			runOnlyForDeploymentPostprocessing = 0;
		};
/* End PBXSourcesBuildPhase section */

/* Begin PBXTargetDependency section */
		620E4CC91B9FAEB100BF7CAB /* PBXTargetDependency */ = {
			isa = PBXTargetDependency;
			target = 620E4CB11B9FAEB100BF7CAB /* browerotis-hw1 */;
			targetProxy = 620E4CC81B9FAEB100BF7CAB /* PBXContainerItemProxy */;
		};
/* End PBXTargetDependency section */

/* Begin PBXVariantGroup section */
		620E4CBB1B9FAEB100BF7CAB /* Main.storyboard */ = {
			isa = PBXVariantGroup;
			children = (
				620E4CBC1B9FAEB100BF7CAB /* Base */,
			);
			name = Main.storyboard;
			sourceTree = "<group>";
		};
		620E4CC01B9FAEB100BF7CAB /* LaunchScreen.xib */ = {
			isa = PBXVariantGroup;
			children = (
				620E4CC11B9FAEB100BF7CAB /* Base */,
			);
			name = LaunchScreen.xib;
			sourceTree = "<group>";
		};
/* End PBXVariantGroup section */

/* Begin XCBuildConfiguration section */
		620E4CCF1B9FAEB100BF7CAB /* Debug */ = {
			isa = XCBuildConfiguration;
			buildSettings = {
				ALWAYS_SEARCH_USER_PATHS = NO;
				CLANG_CXX_LANGUAGE_STANDARD = "gnu++0x";
				CLANG_CXX_LIBRARY = "libc++";
				CLANG_ENABLE_MODULES = YES;
				CLANG_ENABLE_OBJC_ARC = YES;
				CLANG_WARN_BOOL_CONVERSION = YES;
				CLANG_WARN_CONSTANT_CONVERSION = YES;
				CLANG_WARN_DIRECT_OBJC_ISA_USAGE = YES_ERROR;
				CLANG_WARN_EMPTY_BODY = YES;
				CLANG_WARN_ENUM_CONVERSION = YES;
				CLANG_WARN_INT_CONVERSION = YES;
				CLANG_WARN_OBJC_ROOT_CLASS = YES_ERROR;
				CLANG_WARN_UNREACHABLE_CODE = YES;
				CLANG_WARN__DUPLICATE_METHOD_MATCH = YES;
				"CODE_SIGN_IDENTITY[sdk=iphoneos*]" = "iPhone Developer";
				COPY_PHASE_STRIP = NO;
				DEBUG_INFORMATION_FORMAT = "dwarf-with-dsym";
				ENABLE_STRICT_OBJC_MSGSEND = YES;
				GCC_C_LANGUAGE_STANDARD = gnu99;
				GCC_DYNAMIC_NO_PIC = NO;
				GCC_NO_COMMON_BLOCKS = YES;
				GCC_OPTIMIZATION_LEVEL = 0;
				GCC_PREPROCESSOR_DEFINITIONS = (
					"DEBUG=1",
					"$(inherited)",
				);
				GCC_SYMBOLS_PRIVATE_EXTERN = NO;
				GCC_WARN_64_TO_32_BIT_CONVERSION = YES;
				GCC_WARN_ABOUT_RETURN_TYPE = YES_ERROR;
				GCC_WARN_UNDECLARED_SELECTOR = YES;
				GCC_WARN_UNINITIALIZED_AUTOS = YES_AGGRESSIVE;
				GCC_WARN_UNUSED_FUNCTION = YES;
				GCC_WARN_UNUSED_VARIABLE = YES;
				IPHONEOS_DEPLOYMENT_TARGET = 8.4;
				MTL_ENABLE_DEBUG_INFO = YES;
				ONLY_ACTIVE_ARCH = YES;
				SDKROOT = iphoneos;
				SWIFT_OPTIMIZATION_LEVEL = "-Onone";
			};
			name = Debug;
		};
		620E4CD01B9FAEB100BF7CAB /* Release */ = {
			isa = XCBuildConfiguration;
			buildSettings = {
				ALWAYS_SEARCH_USER_PATHS = NO;
				CLANG_CXX_LANGUAGE_STANDARD = "gnu++0x";
				CLANG_CXX_LIBRARY = "libc++";
				CLANG_ENABLE_MODULES = YES;
				CLANG_ENABLE_OBJC_ARC = YES;
				CLANG_WARN_BOOL_CONVERSION = YES;
				CLANG_WARN_CONSTANT_CONVERSION = YES;
				CLANG_WARN_DIRECT_OBJC_ISA_USAGE = YES_ERROR;
				CLANG_WARN_EMPTY_BODY = YES;
				CLANG_WARN_ENUM_CONVERSION = YES;
				CLANG_WARN_INT_CONVERSION = YES;
				CLANG_WARN_OBJC_ROOT_CLASS = YES_ERROR;
				CLANG_WARN_UNREACHABLE_CODE = YES;
				CLANG_WARN__DUPLICATE_METHOD_MATCH = YES;
				"CODE_SIGN_IDENTITY[sdk=iphoneos*]" = "iPhone Developer";
				COPY_PHASE_STRIP = NO;
				DEBUG_INFORMATION_FORMAT = "dwarf-with-dsym";
				ENABLE_NS_ASSERTIONS = NO;
				ENABLE_STRICT_OBJC_MSGSEND = YES;
				GCC_C_LANGUAGE_STANDARD = gnu99;
				GCC_NO_COMMON_BLOCKS = YES;
				GCC_WARN_64_TO_32_BIT_CONVERSION = YES;
				GCC_WARN_ABOUT_RETURN_TYPE = YES_ERROR;
				GCC_WARN_UNDECLARED_SELECTOR = YES;
				GCC_WARN_UNINITIALIZED_AUTOS = YES_AGGRESSIVE;
				GCC_WARN_UNUSED_FUNCTION = YES;
				GCC_WARN_UNUSED_VARIABLE = YES;
				IPHONEOS_DEPLOYMENT_TARGET = 8.4;
				MTL_ENABLE_DEBUG_INFO = NO;
				SDKROOT = iphoneos;
				VALIDATE_PRODUCT = YES;
			};
			name = Release;
		};
		620E4CD21B9FAEB100BF7CAB /* Debug */ = {
			isa = XCBuildConfiguration;
			buildSettings = {
				ASSETCATALOG_COMPILER_APPICON_NAME = AppIcon;
				INFOPLIST_FILE = "browerotis-hw1/Info.plist";
				LD_RUNPATH_SEARCH_PATHS = "$(inherited) @executable_path/Frameworks";
				PRODUCT_NAME = "$(TARGET_NAME)";
			};
			name = Debug;
		};
		620E4CD31B9FAEB100BF7CAB /* Release */ = {
			isa = XCBuildConfiguration;
			buildSettings = {
				ASSETCATALOG_COMPILER_APPICON_NAME = AppIcon;
				INFOPLIST_FILE = "browerotis-hw1/Info.plist";
				LD_RUNPATH_SEARCH_PATHS = "$(inherited) @executable_path/Frameworks";
				PRODUCT_NAME = "$(TARGET_NAME)";
			};
			name = Release;
		};
		620E4CD51B9FAEB100BF7CAB /* Debug */ = {
			isa = XCBuildConfiguration;
			buildSettings = {
				BUNDLE_LOADER = "$(TEST_HOST)";
				FRAMEWORK_SEARCH_PATHS = (
					"$(SDKROOT)/Developer/Library/Frameworks",
					"$(inherited)",
				);
				GCC_PREPROCESSOR_DEFINITIONS = (
					"DEBUG=1",
					"$(inherited)",
				);
				INFOPLIST_FILE = "browerotis-hw1Tests/Info.plist";
				LD_RUNPATH_SEARCH_PATHS = "$(inherited) @executable_path/Frameworks @loader_path/Frameworks";
				PRODUCT_NAME = "$(TARGET_NAME)";
				TEST_HOST = "$(BUILT_PRODUCTS_DIR)/browerotis-hw1.app/browerotis-hw1";
			};
			name = Debug;
		};
		620E4CD61B9FAEB100BF7CAB /* Release */ = {
			isa = XCBuildConfiguration;
			buildSettings = {
				BUNDLE_LOADER = "$(TEST_HOST)";
				FRAMEWORK_SEARCH_PATHS = (
					"$(SDKROOT)/Developer/Library/Frameworks",
					"$(inherited)",
				);
				INFOPLIST_FILE = "browerotis-hw1Tests/Info.plist";
				LD_RUNPATH_SEARCH_PATHS = "$(inherited) @executable_path/Frameworks @loader_path/Frameworks";
				PRODUCT_NAME = "$(TARGET_NAME)";
				TEST_HOST = "$(BUILT_PRODUCTS_DIR)/browerotis-hw1.app/browerotis-hw1";
			};
			name = Release;
		};
/* End XCBuildConfiguration section */

/* Begin XCConfigurationList section */
		620E4CAD1B9FAEB100BF7CAB /* Build configuration list for PBXProject "browerotis-hw1" */ = {
			isa = XCConfigurationList;
			buildConfigurations = (
				620E4CCF1B9FAEB100BF7CAB /* Debug */,
				620E4CD01B9FAEB100BF7CAB /* Release */,
			);
			defaultConfigurationIsVisible = 0;
			defaultConfigurationName = Release;
		};
		620E4CD11B9FAEB100BF7CAB /* Build configuration list for PBXNativeTarget "browerotis-hw1" */ = {
			isa = XCConfigurationList;
			buildConfigurations = (
				620E4CD21B9FAEB100BF7CAB /* Debug */,
				620E4CD31B9FAEB100BF7CAB /* Release */,
			);
			defaultConfigurationIsVisible = 0;
		};
		620E4CD41B9FAEB100BF7CAB /* Build configuration list for PBXNativeTarget "browerotis-hw1Tests" */ = {
			isa = XCConfigurationList;
			buildConfigurations = (
				620E4CD51B9FAEB100BF7CAB /* Debug */,
				620E4CD61B9FAEB100BF7CAB /* Release */,
			);
			defaultConfigurationIsVisible = 0;
		};
/* End XCConfigurationList section */
	};
	rootObject = 620E4CAA1B9FAEB100BF7CAB /* Project object */;
}
