// !$*UTF8*$!
{
	archiveVersion = 1;
	classes = {
	};
	objectVersion = 46;
	objects = {

/* Begin PBXBuildFile section */
		62C5741D1AAE9262004611C7 /* main.m in Sources */ = {isa = PBXBuildFile; fileRef = 62C5741C1AAE9262004611C7 /* main.m */; };
		62C574251AAE9936004611C7 /* Computer.m in Sources */ = {isa = PBXBuildFile; fileRef = 62C574241AAE9936004611C7 /* Computer.m */; };
		62C574281AAE9947004611C7 /* Laptop.m in Sources */ = {isa = PBXBuildFile; fileRef = 62C574271AAE9947004611C7 /* Laptop.m */; };
		62C5742B1AAE9955004611C7 /* Desktop.m in Sources */ = {isa = PBXBuildFile; fileRef = 62C5742A1AAE9955004611C7 /* Desktop.m */; };
/* End PBXBuildFile section */

/* Begin PBXCopyFilesBuildPhase section */
		62C574171AAE9262004611C7 /* CopyFiles */ = {
			isa = PBXCopyFilesBuildPhase;
			buildActionMask = 2147483647;
			dstPath = /usr/share/man/man1/;
			dstSubfolderSpec = 0;
			files = (
			);
			runOnlyForDeploymentPostprocessing = 1;
		};
/* End PBXCopyFilesBuildPhase section */

/* Begin PBXFileReference section */
		62C574191AAE9262004611C7 /* BrowerOtisHW4 */ = {isa = PBXFileReference; explicitFileType = "compiled.mach-o.executable"; includeInIndex = 0; path = BrowerOtisHW4; sourceTree = BUILT_PRODUCTS_DIR; };
		62C5741C1AAE9262004611C7 /* main.m */ = {isa = PBXFileReference; lastKnownFileType = sourcecode.c.objc; path = main.m; sourceTree = "<group>"; };
		62C574231AAE9936004611C7 /* Computer.h */ = {isa = PBXFileReference; fileEncoding = 4; lastKnownFileType = sourcecode.c.h; path = Computer.h; sourceTree = "<group>"; };
		62C574241AAE9936004611C7 /* Computer.m */ = {isa = PBXFileReference; fileEncoding = 4; lastKnownFileType = sourcecode.c.objc; path = Computer.m; sourceTree = "<group>"; };
		62C574261AAE9947004611C7 /* Laptop.h */ = {isa = PBXFileReference; fileEncoding = 4; lastKnownFileType = sourcecode.c.h; path = Laptop.h; sourceTree = "<group>"; };
		62C574271AAE9947004611C7 /* Laptop.m */ = {isa = PBXFileReference; fileEncoding = 4; lastKnownFileType = sourcecode.c.objc; path = Laptop.m; sourceTree = "<group>"; };
		62C574291AAE9955004611C7 /* Desktop.h */ = {isa = PBXFileReference; fileEncoding = 4; lastKnownFileType = sourcecode.c.h; path = Desktop.h; sourceTree = "<group>"; };
		62C5742A1AAE9955004611C7 /* Desktop.m */ = {isa = PBXFileReference; fileEncoding = 4; lastKnownFileType = sourcecode.c.objc; path = Desktop.m; sourceTree = "<group>"; };
/* End PBXFileReference section */

/* Begin PBXFrameworksBuildPhase section */
		62C574161AAE9262004611C7 /* Frameworks */ = {
			isa = PBXFrameworksBuildPhase;
			buildActionMask = 2147483647;
			files = (
			);
			runOnlyForDeploymentPostprocessing = 0;
		};
/* End PBXFrameworksBuildPhase section */

/* Begin PBXGroup section */
		62C574101AAE9262004611C7 = {
			isa = PBXGroup;
			children = (
				62C5741B1AAE9262004611C7 /* BrowerOtisHW4 */,
				62C5741A1AAE9262004611C7 /* Products */,
			);
			sourceTree = "<group>";
		};
		62C5741A1AAE9262004611C7 /* Products */ = {
			isa = PBXGroup;
			children = (
				62C574191AAE9262004611C7 /* BrowerOtisHW4 */,
			);
			name = Products;
			sourceTree = "<group>";
		};
		62C5741B1AAE9262004611C7 /* BrowerOtisHW4 */ = {
			isa = PBXGroup;
			children = (
				62C5741C1AAE9262004611C7 /* main.m */,
				62C574231AAE9936004611C7 /* Computer.h */,
				62C574241AAE9936004611C7 /* Computer.m */,
				62C574261AAE9947004611C7 /* Laptop.h */,
				62C574271AAE9947004611C7 /* Laptop.m */,
				62C574291AAE9955004611C7 /* Desktop.h */,
				62C5742A1AAE9955004611C7 /* Desktop.m */,
			);
			path = BrowerOtisHW4;
			sourceTree = "<group>";
		};
/* End PBXGroup section */

/* Begin PBXNativeTarget section */
		62C574181AAE9262004611C7 /* BrowerOtisHW4 */ = {
			isa = PBXNativeTarget;
			buildConfigurationList = 62C574201AAE9262004611C7 /* Build configuration list for PBXNativeTarget "BrowerOtisHW4" */;
			buildPhases = (
				62C574151AAE9262004611C7 /* Sources */,
				62C574161AAE9262004611C7 /* Frameworks */,
				62C574171AAE9262004611C7 /* CopyFiles */,
			);
			buildRules = (
			);
			dependencies = (
			);
			name = BrowerOtisHW4;
			productName = BrowerOtisHW4;
			productReference = 62C574191AAE9262004611C7 /* BrowerOtisHW4 */;
			productType = "com.apple.product-type.tool";
		};
/* End PBXNativeTarget section */

/* Begin PBXProject section */
		62C574111AAE9262004611C7 /* Project object */ = {
			isa = PBXProject;
			attributes = {
				LastUpgradeCheck = 0610;
				ORGANIZATIONNAME = "Otis Brower";
				TargetAttributes = {
					62C574181AAE9262004611C7 = {
						CreatedOnToolsVersion = 6.1.1;
					};
				};
			};
			buildConfigurationList = 62C574141AAE9262004611C7 /* Build configuration list for PBXProject "BrowerOtisHW4" */;
			compatibilityVersion = "Xcode 3.2";
			developmentRegion = English;
			hasScannedForEncodings = 0;
			knownRegions = (
				en,
			);
			mainGroup = 62C574101AAE9262004611C7;
			productRefGroup = 62C5741A1AAE9262004611C7 /* Products */;
			projectDirPath = "";
			projectRoot = "";
			targets = (
				62C574181AAE9262004611C7 /* BrowerOtisHW4 */,
			);
		};
/* End PBXProject section */

/* Begin PBXSourcesBuildPhase section */
		62C574151AAE9262004611C7 /* Sources */ = {
			isa = PBXSourcesBuildPhase;
			buildActionMask = 2147483647;
			files = (
				62C574251AAE9936004611C7 /* Computer.m in Sources */,
				62C574281AAE9947004611C7 /* Laptop.m in Sources */,
				62C5742B1AAE9955004611C7 /* Desktop.m in Sources */,
				62C5741D1AAE9262004611C7 /* main.m in Sources */,
			);
			runOnlyForDeploymentPostprocessing = 0;
		};
/* End PBXSourcesBuildPhase section */

/* Begin XCBuildConfiguration section */
		62C5741E1AAE9262004611C7 /* Debug */ = {
			isa = XCBuildConfiguration;
			buildSettings = {
				ALWAYS_SEARCH_USER_PATHS = NO;
				CLANG_CXX_LANGUAGE_STANDARD = "gnu++0x";
				CLANG_CXX_LIBRARY = "libc++";
				CLANG_ENABLE_MODULES = YES;
				CLANG_ENABLE_OBJC_ARC = YES;
				CLANG_WARN_BOOL_CONVERSION = YES;
				CLANG_WARN_CONSTANT_CONVERSION = YES;
				CLANG_WARN_DIRECT_OBJC_ISA_USAGE = YES_ERROR;
				CLANG_WARN_EMPTY_BODY = YES;
				CLANG_WARN_ENUM_CONVERSION = YES;
				CLANG_WARN_INT_CONVERSION = YES;
				CLANG_WARN_OBJC_ROOT_CLASS = YES_ERROR;
				CLANG_WARN_UNREACHABLE_CODE = YES;
				CLANG_WARN__DUPLICATE_METHOD_MATCH = YES;
				COPY_PHASE_STRIP = NO;
				ENABLE_STRICT_OBJC_MSGSEND = YES;
				GCC_C_LANGUAGE_STANDARD = gnu99;
				GCC_DYNAMIC_NO_PIC = NO;
				GCC_OPTIMIZATION_LEVEL = 0;
				GCC_PREPROCESSOR_DEFINITIONS = (
					"DEBUG=1",
					"$(inherited)",
				);
				GCC_SYMBOLS_PRIVATE_EXTERN = NO;
				GCC_WARN_64_TO_32_BIT_CONVERSION = YES;
				GCC_WARN_ABOUT_RETURN_TYPE = YES_ERROR;
				GCC_WARN_UNDECLARED_SELECTOR = YES;
				GCC_WARN_UNINITIALIZED_AUTOS = YES_AGGRESSIVE;
				GCC_WARN_UNUSED_FUNCTION = YES;
				GCC_WARN_UNUSED_VARIABLE = YES;
				MACOSX_DEPLOYMENT_TARGET = 10.10;
				MTL_ENABLE_DEBUG_INFO = YES;
				ONLY_ACTIVE_ARCH = YES;
				SDKROOT = macosx;
			};
			name = Debug;
		};
		62C5741F1AAE9262004611C7 /* Release */ = {
			isa = XCBuildConfiguration;
			buildSettings = {
				ALWAYS_SEARCH_USER_PATHS = NO;
				CLANG_CXX_LANGUAGE_STANDARD = "gnu++0x";
				CLANG_CXX_LIBRARY = "libc++";
				CLANG_ENABLE_MODULES = YES;
				CLANG_ENABLE_OBJC_ARC = YES;
				CLANG_WARN_BOOL_CONVERSION = YES;
				CLANG_WARN_CONSTANT_CONVERSION = YES;
				CLANG_WARN_DIRECT_OBJC_ISA_USAGE = YES_ERROR;
				CLANG_WARN_EMPTY_BODY = YES;
				CLANG_WARN_ENUM_CONVERSION = YES;
				CLANG_WARN_INT_CONVERSION = YES;
				CLANG_WARN_OBJC_ROOT_CLASS = YES_ERROR;
				CLANG_WARN_UNREACHABLE_CODE = YES;
				CLANG_WARN__DUPLICATE_METHOD_MATCH = YES;
				COPY_PHASE_STRIP = YES;
				DEBUG_INFORMATION_FORMAT = "dwarf-with-dsym";
				ENABLE_NS_ASSERTIONS = NO;
				ENABLE_STRICT_OBJC_MSGSEND = YES;
				GCC_C_LANGUAGE_STANDARD = gnu99;
				GCC_WARN_64_TO_32_BIT_CONVERSION = YES;
				GCC_WARN_ABOUT_RETURN_TYPE = YES_ERROR;
				GCC_WARN_UNDECLARED_SELECTOR = YES;
				GCC_WARN_UNINITIALIZED_AUTOS = YES_AGGRESSIVE;
				GCC_WARN_UNUSED_FUNCTION = YES;
				GCC_WARN_UNUSED_VARIABLE = YES;
				MACOSX_DEPLOYMENT_TARGET = 10.10;
				MTL_ENABLE_DEBUG_INFO = NO;
				SDKROOT = macosx;
			};
			name = Release;
		};
		62C574211AAE9262004611C7 /* Debug */ = {
			isa = XCBuildConfiguration;
			buildSettings = {
				PRODUCT_NAME = "$(TARGET_NAME)";
			};
			name = Debug;
		};
		62C574221AAE9262004611C7 /* Release */ = {
			isa = XCBuildConfiguration;
			buildSettings = {
				PRODUCT_NAME = "$(TARGET_NAME)";
			};
			name = Release;
		};
/* End XCBuildConfiguration section */

/* Begin XCConfigurationList section */
		62C574141AAE9262004611C7 /* Build configuration list for PBXProject "BrowerOtisHW4" */ = {
			isa = XCConfigurationList;
			buildConfigurations = (
				62C5741E1AAE9262004611C7 /* Debug */,
				62C5741F1AAE9262004611C7 /* Release */,
			);
			defaultConfigurationIsVisible = 0;
			defaultConfigurationName = Release;
		};
		62C574201AAE9262004611C7 /* Build configuration list for PBXNativeTarget "BrowerOtisHW4" */ = {
			isa = XCConfigurationList;
			buildConfigurations = (
				62C574211AAE9262004611C7 /* Debug */,
				62C574221AAE9262004611C7 /* Release */,
			);
			defaultConfigurationIsVisible = 0;
		};
/* End XCConfigurationList section */
	};
	rootObject = 62C574111AAE9262004611C7 /* Project object */;
}
