// !$*UTF8*$!
{
	archiveVersion = 1;
	classes = {
	};
	objectVersion = 46;
	objects = {

/* Begin PBXBuildFile section */
		363D9E141AD48EA6000C25B0 /* MyClass.m in Sources */ = {isa = PBXBuildFile; fileRef = 363D9E131AD48EA6000C25B0 /* MyClass.m */; };
		36A425D41AA67A83001074BE /* main.m in Sources */ = {isa = PBXBuildFile; fileRef = 36A425D31AA67A83001074BE /* main.m */; };
/* End PBXBuildFile section */

/* Begin PBXCopyFilesBuildPhase section */
		36A425CE1AA67A83001074BE /* CopyFiles */ = {
			isa = PBXCopyFilesBuildPhase;
			buildActionMask = 2147483647;
			dstPath = /usr/share/man/man1/;
			dstSubfolderSpec = 0;
			files = (
			);
			runOnlyForDeploymentPostprocessing = 1;
		};
/* End PBXCopyFilesBuildPhase section */

/* Begin PBXFileReference section */
		363D9E121AD48EA6000C25B0 /* MyClass.h */ = {isa = PBXFileReference; fileEncoding = 4; lastKnownFileType = sourcecode.c.h; path = MyClass.h; sourceTree = "<group>"; };
		363D9E131AD48EA6000C25B0 /* MyClass.m */ = {isa = PBXFileReference; fileEncoding = 4; lastKnownFileType = sourcecode.c.objc; path = MyClass.m; sourceTree = "<group>"; };
		36A425D01AA67A83001074BE /* TestBlocks */ = {isa = PBXFileReference; explicitFileType = "compiled.mach-o.executable"; includeInIndex = 0; path = TestBlocks; sourceTree = BUILT_PRODUCTS_DIR; };
		36A425D31AA67A83001074BE /* main.m */ = {isa = PBXFileReference; lastKnownFileType = sourcecode.c.objc; path = main.m; sourceTree = "<group>"; };
/* End PBXFileReference section */

/* Begin PBXFrameworksBuildPhase section */
		36A425CD1AA67A83001074BE /* Frameworks */ = {
			isa = PBXFrameworksBuildPhase;
			buildActionMask = 2147483647;
			files = (
			);
			runOnlyForDeploymentPostprocessing = 0;
		};
/* End PBXFrameworksBuildPhase section */

/* Begin PBXGroup section */
		36A425C71AA67A83001074BE = {
			isa = PBXGroup;
			children = (
				36A425D21AA67A83001074BE /* TestBlocks */,
				36A425D11AA67A83001074BE /* Products */,
			);
			sourceTree = "<group>";
		};
		36A425D11AA67A83001074BE /* Products */ = {
			isa = PBXGroup;
			children = (
				36A425D01AA67A83001074BE /* TestBlocks */,
			);
			name = Products;
			sourceTree = "<group>";
		};
		36A425D21AA67A83001074BE /* TestBlocks */ = {
			isa = PBXGroup;
			children = (
				36A425D31AA67A83001074BE /* main.m */,
				363D9E121AD48EA6000C25B0 /* MyClass.h */,
				363D9E131AD48EA6000C25B0 /* MyClass.m */,
			);
			path = TestBlocks;
			sourceTree = "<group>";
		};
/* End PBXGroup section */

/* Begin PBXNativeTarget section */
		36A425CF1AA67A83001074BE /* TestBlocks */ = {
			isa = PBXNativeTarget;
			buildConfigurationList = 36A425D71AA67A83001074BE /* Build configuration list for PBXNativeTarget "TestBlocks" */;
			buildPhases = (
				36A425CC1AA67A83001074BE /* Sources */,
				36A425CD1AA67A83001074BE /* Frameworks */,
				36A425CE1AA67A83001074BE /* CopyFiles */,
			);
			buildRules = (
			);
			dependencies = (
			);
			name = TestBlocks;
			productName = TestBlocks;
			productReference = 36A425D01AA67A83001074BE /* TestBlocks */;
			productType = "com.apple.product-type.tool";
		};
/* End PBXNativeTarget section */

/* Begin PBXProject section */
		36A425C81AA67A83001074BE /* Project object */ = {
			isa = PBXProject;
			attributes = {
				LastUpgradeCheck = 0610;
				ORGANIZATIONNAME = "Infinity Software";
				TargetAttributes = {
					36A425CF1AA67A83001074BE = {
						CreatedOnToolsVersion = 6.1.1;
					};
				};
			};
			buildConfigurationList = 36A425CB1AA67A83001074BE /* Build configuration list for PBXProject "TestBlocks" */;
			compatibilityVersion = "Xcode 3.2";
			developmentRegion = English;
			hasScannedForEncodings = 0;
			knownRegions = (
				en,
			);
			mainGroup = 36A425C71AA67A83001074BE;
			productRefGroup = 36A425D11AA67A83001074BE /* Products */;
			projectDirPath = "";
			projectRoot = "";
			targets = (
				36A425CF1AA67A83001074BE /* TestBlocks */,
			);
		};
/* End PBXProject section */

/* Begin PBXSourcesBuildPhase section */
		36A425CC1AA67A83001074BE /* Sources */ = {
			isa = PBXSourcesBuildPhase;
			buildActionMask = 2147483647;
			files = (
				363D9E141AD48EA6000C25B0 /* MyClass.m in Sources */,
				36A425D41AA67A83001074BE /* main.m in Sources */,
			);
			runOnlyForDeploymentPostprocessing = 0;
		};
/* End PBXSourcesBuildPhase section */

/* Begin XCBuildConfiguration section */
		36A425D51AA67A83001074BE /* Debug */ = {
			isa = XCBuildConfiguration;
			buildSettings = {
				ALWAYS_SEARCH_USER_PATHS = NO;
				CLANG_CXX_LANGUAGE_STANDARD = "gnu++0x";
				CLANG_CXX_LIBRARY = "libc++";
				CLANG_ENABLE_MODULES = YES;
				CLANG_ENABLE_OBJC_ARC = YES;
				CLANG_WARN_BOOL_CONVERSION = YES;
				CLANG_WARN_CONSTANT_CONVERSION = YES;
				CLANG_WARN_DIRECT_OBJC_ISA_USAGE = YES_ERROR;
				CLANG_WARN_EMPTY_BODY = YES;
				CLANG_WARN_ENUM_CONVERSION = YES;
				CLANG_WARN_INT_CONVERSION = YES;
				CLANG_WARN_OBJC_ROOT_CLASS = YES_ERROR;
				CLANG_WARN_UNREACHABLE_CODE = YES;
				CLANG_WARN__DUPLICATE_METHOD_MATCH = YES;
				COPY_PHASE_STRIP = NO;
				ENABLE_STRICT_OBJC_MSGSEND = YES;
				GCC_C_LANGUAGE_STANDARD = gnu99;
				GCC_DYNAMIC_NO_PIC = NO;
				GCC_OPTIMIZATION_LEVEL = 0;
				GCC_PREPROCESSOR_DEFINITIONS = (
					"DEBUG=1",
					"$(inherited)",
				);
				GCC_SYMBOLS_PRIVATE_EXTERN = NO;
				GCC_WARN_64_TO_32_BIT_CONVERSION = YES;
				GCC_WARN_ABOUT_RETURN_TYPE = YES_ERROR;
				GCC_WARN_UNDECLARED_SELECTOR = YES;
				GCC_WARN_UNINITIALIZED_AUTOS = YES_AGGRESSIVE;
				GCC_WARN_UNUSED_FUNCTION = YES;
				GCC_WARN_UNUSED_VARIABLE = YES;
				MACOSX_DEPLOYMENT_TARGET = 10.10;
				MTL_ENABLE_DEBUG_INFO = YES;
				ONLY_ACTIVE_ARCH = YES;
				SDKROOT = macosx;
			};
			name = Debug;
		};
		36A425D61AA67A83001074BE /* Release */ = {
			isa = XCBuildConfiguration;
			buildSettings = {
				ALWAYS_SEARCH_USER_PATHS = NO;
				CLANG_CXX_LANGUAGE_STANDARD = "gnu++0x";
				CLANG_CXX_LIBRARY = "libc++";
				CLANG_ENABLE_MODULES = YES;
				CLANG_ENABLE_OBJC_ARC = YES;
				CLANG_WARN_BOOL_CONVERSION = YES;
				CLANG_WARN_CONSTANT_CONVERSION = YES;
				CLANG_WARN_DIRECT_OBJC_ISA_USAGE = YES_ERROR;
				CLANG_WARN_EMPTY_BODY = YES;
				CLANG_WARN_ENUM_CONVERSION = YES;
				CLANG_WARN_INT_CONVERSION = YES;
				CLANG_WARN_OBJC_ROOT_CLASS = YES_ERROR;
				CLANG_WARN_UNREACHABLE_CODE = YES;
				CLANG_WARN__DUPLICATE_METHOD_MATCH = YES;
				COPY_PHASE_STRIP = YES;
				DEBUG_INFORMATION_FORMAT = "dwarf-with-dsym";
				ENABLE_NS_ASSERTIONS = NO;
				ENABLE_STRICT_OBJC_MSGSEND = YES;
				GCC_C_LANGUAGE_STANDARD = gnu99;
				GCC_WARN_64_TO_32_BIT_CONVERSION = YES;
				GCC_WARN_ABOUT_RETURN_TYPE = YES_ERROR;
				GCC_WARN_UNDECLARED_SELECTOR = YES;
				GCC_WARN_UNINITIALIZED_AUTOS = YES_AGGRESSIVE;
				GCC_WARN_UNUSED_FUNCTION = YES;
				GCC_WARN_UNUSED_VARIABLE = YES;
				MACOSX_DEPLOYMENT_TARGET = 10.10;
				MTL_ENABLE_DEBUG_INFO = NO;
				SDKROOT = macosx;
			};
			name = Release;
		};
		36A425D81AA67A83001074BE /* Debug */ = {
			isa = XCBuildConfiguration;
			buildSettings = {
				PRODUCT_NAME = "$(TARGET_NAME)";
			};
			name = Debug;
		};
		36A425D91AA67A83001074BE /* Release */ = {
			isa = XCBuildConfiguration;
			buildSettings = {
				PRODUCT_NAME = "$(TARGET_NAME)";
			};
			name = Release;
		};
/* End XCBuildConfiguration section */

/* Begin XCConfigurationList section */
		36A425CB1AA67A83001074BE /* Build configuration list for PBXProject "TestBlocks" */ = {
			isa = XCConfigurationList;
			buildConfigurations = (
				36A425D51AA67A83001074BE /* Debug */,
				36A425D61AA67A83001074BE /* Release */,
			);
			defaultConfigurationIsVisible = 0;
			defaultConfigurationName = Release;
		};
		36A425D71AA67A83001074BE /* Build configuration list for PBXNativeTarget "TestBlocks" */ = {
			isa = XCConfigurationList;
			buildConfigurations = (
				36A425D81AA67A83001074BE /* Debug */,
				36A425D91AA67A83001074BE /* Release */,
			);
			defaultConfigurationIsVisible = 0;
			defaultConfigurationName = Release;
		};
/* End XCConfigurationList section */
	};
	rootObject = 36A425C81AA67A83001074BE /* Project object */;
}
