// !$*UTF8*$!
{
	archiveVersion = 1;
	classes = {
	};
	objectVersion = 46;
	objects = {

/* Begin PBXBuildFile section */
		363D9E091AD3FFD6000C25B0 /* main.m in Sources */ = {isa = PBXBuildFile; fileRef = 363D9E081AD3FFD6000C25B0 /* main.m */; };
		363D9E111AD40395000C25B0 /* NSString+SpecialConcats.m in Sources */ = {isa = PBXBuildFile; fileRef = 363D9E101AD40395000C25B0 /* NSString+SpecialConcats.m */; };
/* End PBXBuildFile section */

/* Begin PBXCopyFilesBuildPhase section */
		363D9E031AD3FFD6000C25B0 /* CopyFiles */ = {
			isa = PBXCopyFilesBuildPhase;
			buildActionMask = 2147483647;
			dstPath = /usr/share/man/man1/;
			dstSubfolderSpec = 0;
			files = (
			);
			runOnlyForDeploymentPostprocessing = 1;
		};
/* End PBXCopyFilesBuildPhase section */

/* Begin PBXFileReference section */
		363D9E051AD3FFD6000C25B0 /* TestCategories */ = {isa = PBXFileReference; explicitFileType = "compiled.mach-o.executable"; includeInIndex = 0; path = TestCategories; sourceTree = BUILT_PRODUCTS_DIR; };
		363D9E081AD3FFD6000C25B0 /* main.m */ = {isa = PBXFileReference; lastKnownFileType = sourcecode.c.objc; path = main.m; sourceTree = "<group>"; };
		363D9E0F1AD40395000C25B0 /* NSString+SpecialConcats.h */ = {isa = PBXFileReference; fileEncoding = 4; lastKnownFileType = sourcecode.c.h; path = "NSString+SpecialConcats.h"; sourceTree = "<group>"; };
		363D9E101AD40395000C25B0 /* NSString+SpecialConcats.m */ = {isa = PBXFileReference; fileEncoding = 4; lastKnownFileType = sourcecode.c.objc; path = "NSString+SpecialConcats.m"; sourceTree = "<group>"; };
/* End PBXFileReference section */

/* Begin PBXFrameworksBuildPhase section */
		363D9E021AD3FFD6000C25B0 /* Frameworks */ = {
			isa = PBXFrameworksBuildPhase;
			buildActionMask = 2147483647;
			files = (
			);
			runOnlyForDeploymentPostprocessing = 0;
		};
/* End PBXFrameworksBuildPhase section */

/* Begin PBXGroup section */
		363D9DFC1AD3FFD6000C25B0 = {
			isa = PBXGroup;
			children = (
				363D9E071AD3FFD6000C25B0 /* TestCategories */,
				363D9E061AD3FFD6000C25B0 /* Products */,
			);
			sourceTree = "<group>";
		};
		363D9E061AD3FFD6000C25B0 /* Products */ = {
			isa = PBXGroup;
			children = (
				363D9E051AD3FFD6000C25B0 /* TestCategories */,
			);
			name = Products;
			sourceTree = "<group>";
		};
		363D9E071AD3FFD6000C25B0 /* TestCategories */ = {
			isa = PBXGroup;
			children = (
				363D9E081AD3FFD6000C25B0 /* main.m */,
				363D9E0F1AD40395000C25B0 /* NSString+SpecialConcats.h */,
				363D9E101AD40395000C25B0 /* NSString+SpecialConcats.m */,
			);
			path = TestCategories;
			sourceTree = "<group>";
		};
/* End PBXGroup section */

/* Begin PBXNativeTarget section */
		363D9E041AD3FFD6000C25B0 /* TestCategories */ = {
			isa = PBXNativeTarget;
			buildConfigurationList = 363D9E0C1AD3FFD6000C25B0 /* Build configuration list for PBXNativeTarget "TestCategories" */;
			buildPhases = (
				363D9E011AD3FFD6000C25B0 /* Sources */,
				363D9E021AD3FFD6000C25B0 /* Frameworks */,
				363D9E031AD3FFD6000C25B0 /* CopyFiles */,
			);
			buildRules = (
			);
			dependencies = (
			);
			name = TestCategories;
			productName = TestCategories;
			productReference = 363D9E051AD3FFD6000C25B0 /* TestCategories */;
			productType = "com.apple.product-type.tool";
		};
/* End PBXNativeTarget section */

/* Begin PBXProject section */
		363D9DFD1AD3FFD6000C25B0 /* Project object */ = {
			isa = PBXProject;
			attributes = {
				LastUpgradeCheck = 0620;
				ORGANIZATIONNAME = "Infinity Software";
				TargetAttributes = {
					363D9E041AD3FFD6000C25B0 = {
						CreatedOnToolsVersion = 6.2;
					};
				};
			};
			buildConfigurationList = 363D9E001AD3FFD6000C25B0 /* Build configuration list for PBXProject "TestCategories" */;
			compatibilityVersion = "Xcode 3.2";
			developmentRegion = English;
			hasScannedForEncodings = 0;
			knownRegions = (
				en,
			);
			mainGroup = 363D9DFC1AD3FFD6000C25B0;
			productRefGroup = 363D9E061AD3FFD6000C25B0 /* Products */;
			projectDirPath = "";
			projectRoot = "";
			targets = (
				363D9E041AD3FFD6000C25B0 /* TestCategories */,
			);
		};
/* End PBXProject section */

/* Begin PBXSourcesBuildPhase section */
		363D9E011AD3FFD6000C25B0 /* Sources */ = {
			isa = PBXSourcesBuildPhase;
			buildActionMask = 2147483647;
			files = (
				363D9E091AD3FFD6000C25B0 /* main.m in Sources */,
				363D9E111AD40395000C25B0 /* NSString+SpecialConcats.m in Sources */,
			);
			runOnlyForDeploymentPostprocessing = 0;
		};
/* End PBXSourcesBuildPhase section */

/* Begin XCBuildConfiguration section */
		363D9E0A1AD3FFD6000C25B0 /* Debug */ = {
			isa = XCBuildConfiguration;
			buildSettings = {
				ALWAYS_SEARCH_USER_PATHS = NO;
				CLANG_CXX_LANGUAGE_STANDARD = "gnu++0x";
				CLANG_CXX_LIBRARY = "libc++";
				CLANG_ENABLE_MODULES = YES;
				CLANG_ENABLE_OBJC_ARC = YES;
				CLANG_WARN_BOOL_CONVERSION = YES;
				CLANG_WARN_CONSTANT_CONVERSION = YES;
				CLANG_WARN_DIRECT_OBJC_ISA_USAGE = YES_ERROR;
				CLANG_WARN_EMPTY_BODY = YES;
				CLANG_WARN_ENUM_CONVERSION = YES;
				CLANG_WARN_INT_CONVERSION = YES;
				CLANG_WARN_OBJC_ROOT_CLASS = YES_ERROR;
				CLANG_WARN_UNREACHABLE_CODE = YES;
				CLANG_WARN__DUPLICATE_METHOD_MATCH = YES;
				COPY_PHASE_STRIP = NO;
				ENABLE_STRICT_OBJC_MSGSEND = YES;
				GCC_C_LANGUAGE_STANDARD = gnu99;
				GCC_DYNAMIC_NO_PIC = NO;
				GCC_OPTIMIZATION_LEVEL = 0;
				GCC_PREPROCESSOR_DEFINITIONS = (
					"DEBUG=1",
					"$(inherited)",
				);
				GCC_SYMBOLS_PRIVATE_EXTERN = NO;
				GCC_WARN_64_TO_32_BIT_CONVERSION = YES;
				GCC_WARN_ABOUT_RETURN_TYPE = YES_ERROR;
				GCC_WARN_UNDECLARED_SELECTOR = YES;
				GCC_WARN_UNINITIALIZED_AUTOS = YES_AGGRESSIVE;
				GCC_WARN_UNUSED_FUNCTION = YES;
				GCC_WARN_UNUSED_VARIABLE = YES;
				MACOSX_DEPLOYMENT_TARGET = 10.10;
				MTL_ENABLE_DEBUG_INFO = YES;
				ONLY_ACTIVE_ARCH = YES;
				SDKROOT = macosx;
			};
			name = Debug;
		};
		363D9E0B1AD3FFD6000C25B0 /* Release */ = {
			isa = XCBuildConfiguration;
			buildSettings = {
				ALWAYS_SEARCH_USER_PATHS = NO;
				CLANG_CXX_LANGUAGE_STANDARD = "gnu++0x";
				CLANG_CXX_LIBRARY = "libc++";
				CLANG_ENABLE_MODULES = YES;
				CLANG_ENABLE_OBJC_ARC = YES;
				CLANG_WARN_BOOL_CONVERSION = YES;
				CLANG_WARN_CONSTANT_CONVERSION = YES;
				CLANG_WARN_DIRECT_OBJC_ISA_USAGE = YES_ERROR;
				CLANG_WARN_EMPTY_BODY = YES;
				CLANG_WARN_ENUM_CONVERSION = YES;
				CLANG_WARN_INT_CONVERSION = YES;
				CLANG_WARN_OBJC_ROOT_CLASS = YES_ERROR;
				CLANG_WARN_UNREACHABLE_CODE = YES;
				CLANG_WARN__DUPLICATE_METHOD_MATCH = YES;
				COPY_PHASE_STRIP = NO;
				DEBUG_INFORMATION_FORMAT = "dwarf-with-dsym";
				ENABLE_NS_ASSERTIONS = NO;
				ENABLE_STRICT_OBJC_MSGSEND = YES;
				GCC_C_LANGUAGE_STANDARD = gnu99;
				GCC_WARN_64_TO_32_BIT_CONVERSION = YES;
				GCC_WARN_ABOUT_RETURN_TYPE = YES_ERROR;
				GCC_WARN_UNDECLARED_SELECTOR = YES;
				GCC_WARN_UNINITIALIZED_AUTOS = YES_AGGRESSIVE;
				GCC_WARN_UNUSED_FUNCTION = YES;
				GCC_WARN_UNUSED_VARIABLE = YES;
				MACOSX_DEPLOYMENT_TARGET = 10.10;
				MTL_ENABLE_DEBUG_INFO = NO;
				SDKROOT = macosx;
			};
			name = Release;
		};
		363D9E0D1AD3FFD6000C25B0 /* Debug */ = {
			isa = XCBuildConfiguration;
			buildSettings = {
				PRODUCT_NAME = "$(TARGET_NAME)";
			};
			name = Debug;
		};
		363D9E0E1AD3FFD6000C25B0 /* Release */ = {
			isa = XCBuildConfiguration;
			buildSettings = {
				PRODUCT_NAME = "$(TARGET_NAME)";
			};
			name = Release;
		};
/* End XCBuildConfiguration section */

/* Begin XCConfigurationList section */
		363D9E001AD3FFD6000C25B0 /* Build configuration list for PBXProject "TestCategories" */ = {
			isa = XCConfigurationList;
			buildConfigurations = (
				363D9E0A1AD3FFD6000C25B0 /* Debug */,
				363D9E0B1AD3FFD6000C25B0 /* Release */,
			);
			defaultConfigurationIsVisible = 0;
			defaultConfigurationName = Release;
		};
		363D9E0C1AD3FFD6000C25B0 /* Build configuration list for PBXNativeTarget "TestCategories" */ = {
			isa = XCConfigurationList;
			buildConfigurations = (
				363D9E0D1AD3FFD6000C25B0 /* Debug */,
				363D9E0E1AD3FFD6000C25B0 /* Release */,
			);
			defaultConfigurationIsVisible = 0;
		};
/* End XCConfigurationList section */
	};
	rootObject = 363D9DFD1AD3FFD6000C25B0 /* Project object */;
}
