// !$*UTF8*$!
{
	archiveVersion = 1;
	classes = {
	};
	objectVersion = 46;
	objects = {

/* Begin PBXBuildFile section */
		62FECE361BA7B4810043A8A0 /* AppDelegate.swift in Sources */ = {isa = PBXBuildFile; fileRef = 62FECE351BA7B4810043A8A0 /* AppDelegate.swift */; };
		62FECE381BA7B4810043A8A0 /* ViewController.swift in Sources */ = {isa = PBXBuildFile; fileRef = 62FECE371BA7B4810043A8A0 /* ViewController.swift */; };
		62FECE3B1BA7B4810043A8A0 /* Main.storyboard in Resources */ = {isa = PBXBuildFile; fileRef = 62FECE391BA7B4810043A8A0 /* Main.storyboard */; };
		62FECE3D1BA7B4810043A8A0 /* Images.xcassets in Resources */ = {isa = PBXBuildFile; fileRef = 62FECE3C1BA7B4810043A8A0 /* Images.xcassets */; };
		62FECE401BA7B4810043A8A0 /* LaunchScreen.xib in Resources */ = {isa = PBXBuildFile; fileRef = 62FECE3E1BA7B4810043A8A0 /* LaunchScreen.xib */; };
		62FECE4C1BA7B4810043A8A0 /* browerotis_hw2Tests.swift in Sources */ = {isa = PBXBuildFile; fileRef = 62FECE4B1BA7B4810043A8A0 /* browerotis_hw2Tests.swift */; };
/* End PBXBuildFile section */

/* Begin PBXContainerItemProxy section */
		62FECE461BA7B4810043A8A0 /* PBXContainerItemProxy */ = {
			isa = PBXContainerItemProxy;
			containerPortal = 62FECE281BA7B4800043A8A0 /* Project object */;
			proxyType = 1;
			remoteGlobalIDString = 62FECE2F1BA7B4810043A8A0;
			remoteInfo = "browerotis-hw2";
		};
/* End PBXContainerItemProxy section */

/* Begin PBXFileReference section */
		62FECE301BA7B4810043A8A0 /* browerotis-hw2.app */ = {isa = PBXFileReference; explicitFileType = wrapper.application; includeInIndex = 0; path = "browerotis-hw2.app"; sourceTree = BUILT_PRODUCTS_DIR; };
		62FECE341BA7B4810043A8A0 /* Info.plist */ = {isa = PBXFileReference; lastKnownFileType = text.plist.xml; path = Info.plist; sourceTree = "<group>"; };
		62FECE351BA7B4810043A8A0 /* AppDelegate.swift */ = {isa = PBXFileReference; lastKnownFileType = sourcecode.swift; path = AppDelegate.swift; sourceTree = "<group>"; };
		62FECE371BA7B4810043A8A0 /* ViewController.swift */ = {isa = PBXFileReference; lastKnownFileType = sourcecode.swift; path = ViewController.swift; sourceTree = "<group>"; };
		62FECE3A1BA7B4810043A8A0 /* Base */ = {isa = PBXFileReference; lastKnownFileType = file.storyboard; name = Base; path = Base.lproj/Main.storyboard; sourceTree = "<group>"; };
		62FECE3C1BA7B4810043A8A0 /* Images.xcassets */ = {isa = PBXFileReference; lastKnownFileType = folder.assetcatalog; path = Images.xcassets; sourceTree = "<group>"; };
		62FECE3F1BA7B4810043A8A0 /* Base */ = {isa = PBXFileReference; lastKnownFileType = file.xib; name = Base; path = Base.lproj/LaunchScreen.xib; sourceTree = "<group>"; };
		62FECE451BA7B4810043A8A0 /* browerotis-hw2Tests.xctest */ = {isa = PBXFileReference; explicitFileType = wrapper.cfbundle; includeInIndex = 0; path = "browerotis-hw2Tests.xctest"; sourceTree = BUILT_PRODUCTS_DIR; };
		62FECE4A1BA7B4810043A8A0 /* Info.plist */ = {isa = PBXFileReference; lastKnownFileType = text.plist.xml; path = Info.plist; sourceTree = "<group>"; };
		62FECE4B1BA7B4810043A8A0 /* browerotis_hw2Tests.swift */ = {isa = PBXFileReference; lastKnownFileType = sourcecode.swift; path = browerotis_hw2Tests.swift; sourceTree = "<group>"; };
/* End PBXFileReference section */

/* Begin PBXFrameworksBuildPhase section */
		62FECE2D1BA7B4810043A8A0 /* Frameworks */ = {
			isa = PBXFrameworksBuildPhase;
			buildActionMask = 2147483647;
			files = (
			);
			runOnlyForDeploymentPostprocessing = 0;
		};
		62FECE421BA7B4810043A8A0 /* Frameworks */ = {
			isa = PBXFrameworksBuildPhase;
			buildActionMask = 2147483647;
			files = (
			);
			runOnlyForDeploymentPostprocessing = 0;
		};
/* End PBXFrameworksBuildPhase section */

/* Begin PBXGroup section */
		62FECE271BA7B4800043A8A0 = {
			isa = PBXGroup;
			children = (
				62FECE321BA7B4810043A8A0 /* browerotis-hw2 */,
				62FECE481BA7B4810043A8A0 /* browerotis-hw2Tests */,
				62FECE311BA7B4810043A8A0 /* Products */,
			);
			sourceTree = "<group>";
		};
		62FECE311BA7B4810043A8A0 /* Products */ = {
			isa = PBXGroup;
			children = (
				62FECE301BA7B4810043A8A0 /* browerotis-hw2.app */,
				62FECE451BA7B4810043A8A0 /* browerotis-hw2Tests.xctest */,
			);
			name = Products;
			sourceTree = "<group>";
		};
		62FECE321BA7B4810043A8A0 /* browerotis-hw2 */ = {
			isa = PBXGroup;
			children = (
				62FECE351BA7B4810043A8A0 /* AppDelegate.swift */,
				62FECE371BA7B4810043A8A0 /* ViewController.swift */,
				62FECE391BA7B4810043A8A0 /* Main.storyboard */,
				62FECE3C1BA7B4810043A8A0 /* Images.xcassets */,
				62FECE3E1BA7B4810043A8A0 /* LaunchScreen.xib */,
				62FECE331BA7B4810043A8A0 /* Supporting Files */,
			);
			path = "browerotis-hw2";
			sourceTree = "<group>";
		};
		62FECE331BA7B4810043A8A0 /* Supporting Files */ = {
			isa = PBXGroup;
			children = (
				62FECE341BA7B4810043A8A0 /* Info.plist */,
			);
			name = "Supporting Files";
			sourceTree = "<group>";
		};
		62FECE481BA7B4810043A8A0 /* browerotis-hw2Tests */ = {
			isa = PBXGroup;
			children = (
				62FECE4B1BA7B4810043A8A0 /* browerotis_hw2Tests.swift */,
				62FECE491BA7B4810043A8A0 /* Supporting Files */,
			);
			path = "browerotis-hw2Tests";
			sourceTree = "<group>";
		};
		62FECE491BA7B4810043A8A0 /* Supporting Files */ = {
			isa = PBXGroup;
			children = (
				62FECE4A1BA7B4810043A8A0 /* Info.plist */,
			);
			name = "Supporting Files";
			sourceTree = "<group>";
		};
/* End PBXGroup section */

/* Begin PBXNativeTarget section */
		62FECE2F1BA7B4810043A8A0 /* browerotis-hw2 */ = {
			isa = PBXNativeTarget;
			buildConfigurationList = 62FECE4F1BA7B4810043A8A0 /* Build configuration list for PBXNativeTarget "browerotis-hw2" */;
			buildPhases = (
				62FECE2C1BA7B4810043A8A0 /* Sources */,
				62FECE2D1BA7B4810043A8A0 /* Frameworks */,
				62FECE2E1BA7B4810043A8A0 /* Resources */,
			);
			buildRules = (
			);
			dependencies = (
			);
			name = "browerotis-hw2";
			productName = "browerotis-hw2";
			productReference = 62FECE301BA7B4810043A8A0 /* browerotis-hw2.app */;
			productType = "com.apple.product-type.application";
		};
		62FECE441BA7B4810043A8A0 /* browerotis-hw2Tests */ = {
			isa = PBXNativeTarget;
			buildConfigurationList = 62FECE521BA7B4810043A8A0 /* Build configuration list for PBXNativeTarget "browerotis-hw2Tests" */;
			buildPhases = (
				62FECE411BA7B4810043A8A0 /* Sources */,
				62FECE421BA7B4810043A8A0 /* Frameworks */,
				62FECE431BA7B4810043A8A0 /* Resources */,
			);
			buildRules = (
			);
			dependencies = (
				62FECE471BA7B4810043A8A0 /* PBXTargetDependency */,
			);
			name = "browerotis-hw2Tests";
			productName = "browerotis-hw2Tests";
			productReference = 62FECE451BA7B4810043A8A0 /* browerotis-hw2Tests.xctest */;
			productType = "com.apple.product-type.bundle.unit-test";
		};
/* End PBXNativeTarget section */

/* Begin PBXProject section */
		62FECE281BA7B4800043A8A0 /* Project object */ = {
			isa = PBXProject;
			attributes = {
				LastUpgradeCheck = 0640;
				ORGANIZATIONNAME = cs378;
				TargetAttributes = {
					62FECE2F1BA7B4810043A8A0 = {
						CreatedOnToolsVersion = 6.4;
					};
					62FECE441BA7B4810043A8A0 = {
						CreatedOnToolsVersion = 6.4;
						TestTargetID = 62FECE2F1BA7B4810043A8A0;
					};
				};
			};
			buildConfigurationList = 62FECE2B1BA7B4800043A8A0 /* Build configuration list for PBXProject "browerotis-hw2" */;
			compatibilityVersion = "Xcode 3.2";
			developmentRegion = English;
			hasScannedForEncodings = 0;
			knownRegions = (
				en,
				Base,
			);
			mainGroup = 62FECE271BA7B4800043A8A0;
			productRefGroup = 62FECE311BA7B4810043A8A0 /* Products */;
			projectDirPath = "";
			projectRoot = "";
			targets = (
				62FECE2F1BA7B4810043A8A0 /* browerotis-hw2 */,
				62FECE441BA7B4810043A8A0 /* browerotis-hw2Tests */,
			);
		};
/* End PBXProject section */

/* Begin PBXResourcesBuildPhase section */
		62FECE2E1BA7B4810043A8A0 /* Resources */ = {
			isa = PBXResourcesBuildPhase;
			buildActionMask = 2147483647;
			files = (
				62FECE3B1BA7B4810043A8A0 /* Main.storyboard in Resources */,
				62FECE401BA7B4810043A8A0 /* LaunchScreen.xib in Resources */,
				62FECE3D1BA7B4810043A8A0 /* Images.xcassets in Resources */,
			);
			runOnlyForDeploymentPostprocessing = 0;
		};
		62FECE431BA7B4810043A8A0 /* Resources */ = {
			isa = PBXResourcesBuildPhase;
			buildActionMask = 2147483647;
			files = (
			);
			runOnlyForDeploymentPostprocessing = 0;
		};
/* End PBXResourcesBuildPhase section */

/* Begin PBXSourcesBuildPhase section */
		62FECE2C1BA7B4810043A8A0 /* Sources */ = {
			isa = PBXSourcesBuildPhase;
			buildActionMask = 2147483647;
			files = (
				62FECE381BA7B4810043A8A0 /* ViewController.swift in Sources */,
				62FECE361BA7B4810043A8A0 /* AppDelegate.swift in Sources */,
			);
			runOnlyForDeploymentPostprocessing = 0;
		};
		62FECE411BA7B4810043A8A0 /* Sources */ = {
			isa = PBXSourcesBuildPhase;
			buildActionMask = 2147483647;
			files = (
				62FECE4C1BA7B4810043A8A0 /* browerotis_hw2Tests.swift in Sources */,
			);
			runOnlyForDeploymentPostprocessing = 0;
		};
/* End PBXSourcesBuildPhase section */

/* Begin PBXTargetDependency section */
		62FECE471BA7B4810043A8A0 /* PBXTargetDependency */ = {
			isa = PBXTargetDependency;
			target = 62FECE2F1BA7B4810043A8A0 /* browerotis-hw2 */;
			targetProxy = 62FECE461BA7B4810043A8A0 /* PBXContainerItemProxy */;
		};
/* End PBXTargetDependency section */

/* Begin PBXVariantGroup section */
		62FECE391BA7B4810043A8A0 /* Main.storyboard */ = {
			isa = PBXVariantGroup;
			children = (
				62FECE3A1BA7B4810043A8A0 /* Base */,
			);
			name = Main.storyboard;
			sourceTree = "<group>";
		};
		62FECE3E1BA7B4810043A8A0 /* LaunchScreen.xib */ = {
			isa = PBXVariantGroup;
			children = (
				62FECE3F1BA7B4810043A8A0 /* Base */,
			);
			name = LaunchScreen.xib;
			sourceTree = "<group>";
		};
/* End PBXVariantGroup section */

/* Begin XCBuildConfiguration section */
		62FECE4D1BA7B4810043A8A0 /* Debug */ = {
			isa = XCBuildConfiguration;
			buildSettings = {
				ALWAYS_SEARCH_USER_PATHS = NO;
				CLANG_CXX_LANGUAGE_STANDARD = "gnu++0x";
				CLANG_CXX_LIBRARY = "libc++";
				CLANG_ENABLE_MODULES = YES;
				CLANG_ENABLE_OBJC_ARC = YES;
				CLANG_WARN_BOOL_CONVERSION = YES;
				CLANG_WARN_CONSTANT_CONVERSION = YES;
				CLANG_WARN_DIRECT_OBJC_ISA_USAGE = YES_ERROR;
				CLANG_WARN_EMPTY_BODY = YES;
				CLANG_WARN_ENUM_CONVERSION = YES;
				CLANG_WARN_INT_CONVERSION = YES;
				CLANG_WARN_OBJC_ROOT_CLASS = YES_ERROR;
				CLANG_WARN_UNREACHABLE_CODE = YES;
				CLANG_WARN__DUPLICATE_METHOD_MATCH = YES;
				"CODE_SIGN_IDENTITY[sdk=iphoneos*]" = "iPhone Developer";
				COPY_PHASE_STRIP = NO;
				DEBUG_INFORMATION_FORMAT = "dwarf-with-dsym";
				ENABLE_STRICT_OBJC_MSGSEND = YES;
				GCC_C_LANGUAGE_STANDARD = gnu99;
				GCC_DYNAMIC_NO_PIC = NO;
				GCC_NO_COMMON_BLOCKS = YES;
				GCC_OPTIMIZATION_LEVEL = 0;
				GCC_PREPROCESSOR_DEFINITIONS = (
					"DEBUG=1",
					"$(inherited)",
				);
				GCC_SYMBOLS_PRIVATE_EXTERN = NO;
				GCC_WARN_64_TO_32_BIT_CONVERSION = YES;
				GCC_WARN_ABOUT_RETURN_TYPE = YES_ERROR;
				GCC_WARN_UNDECLARED_SELECTOR = YES;
				GCC_WARN_UNINITIALIZED_AUTOS = YES_AGGRESSIVE;
				GCC_WARN_UNUSED_FUNCTION = YES;
				GCC_WARN_UNUSED_VARIABLE = YES;
				IPHONEOS_DEPLOYMENT_TARGET = 8.4;
				MTL_ENABLE_DEBUG_INFO = YES;
				ONLY_ACTIVE_ARCH = YES;
				SDKROOT = iphoneos;
				SWIFT_OPTIMIZATION_LEVEL = "-Onone";
			};
			name = Debug;
		};
		62FECE4E1BA7B4810043A8A0 /* Release */ = {
			isa = XCBuildConfiguration;
			buildSettings = {
				ALWAYS_SEARCH_USER_PATHS = NO;
				CLANG_CXX_LANGUAGE_STANDARD = "gnu++0x";
				CLANG_CXX_LIBRARY = "libc++";
				CLANG_ENABLE_MODULES = YES;
				CLANG_ENABLE_OBJC_ARC = YES;
				CLANG_WARN_BOOL_CONVERSION = YES;
				CLANG_WARN_CONSTANT_CONVERSION = YES;
				CLANG_WARN_DIRECT_OBJC_ISA_USAGE = YES_ERROR;
				CLANG_WARN_EMPTY_BODY = YES;
				CLANG_WARN_ENUM_CONVERSION = YES;
				CLANG_WARN_INT_CONVERSION = YES;
				CLANG_WARN_OBJC_ROOT_CLASS = YES_ERROR;
				CLANG_WARN_UNREACHABLE_CODE = YES;
				CLANG_WARN__DUPLICATE_METHOD_MATCH = YES;
				"CODE_SIGN_IDENTITY[sdk=iphoneos*]" = "iPhone Developer";
				COPY_PHASE_STRIP = NO;
				DEBUG_INFORMATION_FORMAT = "dwarf-with-dsym";
				ENABLE_NS_ASSERTIONS = NO;
				ENABLE_STRICT_OBJC_MSGSEND = YES;
				GCC_C_LANGUAGE_STANDARD = gnu99;
				GCC_NO_COMMON_BLOCKS = YES;
				GCC_WARN_64_TO_32_BIT_CONVERSION = YES;
				GCC_WARN_ABOUT_RETURN_TYPE = YES_ERROR;
				GCC_WARN_UNDECLARED_SELECTOR = YES;
				GCC_WARN_UNINITIALIZED_AUTOS = YES_AGGRESSIVE;
				GCC_WARN_UNUSED_FUNCTION = YES;
				GCC_WARN_UNUSED_VARIABLE = YES;
				IPHONEOS_DEPLOYMENT_TARGET = 8.4;
				MTL_ENABLE_DEBUG_INFO = NO;
				SDKROOT = iphoneos;
				VALIDATE_PRODUCT = YES;
			};
			name = Release;
		};
		62FECE501BA7B4810043A8A0 /* Debug */ = {
			isa = XCBuildConfiguration;
			buildSettings = {
				ASSETCATALOG_COMPILER_APPICON_NAME = AppIcon;
				INFOPLIST_FILE = "browerotis-hw2/Info.plist";
				LD_RUNPATH_SEARCH_PATHS = "$(inherited) @executable_path/Frameworks";
				PRODUCT_NAME = "$(TARGET_NAME)";
			};
			name = Debug;
		};
		62FECE511BA7B4810043A8A0 /* Release */ = {
			isa = XCBuildConfiguration;
			buildSettings = {
				ASSETCATALOG_COMPILER_APPICON_NAME = AppIcon;
				INFOPLIST_FILE = "browerotis-hw2/Info.plist";
				LD_RUNPATH_SEARCH_PATHS = "$(inherited) @executable_path/Frameworks";
				PRODUCT_NAME = "$(TARGET_NAME)";
			};
			name = Release;
		};
		62FECE531BA7B4810043A8A0 /* Debug */ = {
			isa = XCBuildConfiguration;
			buildSettings = {
				BUNDLE_LOADER = "$(TEST_HOST)";
				FRAMEWORK_SEARCH_PATHS = (
					"$(SDKROOT)/Developer/Library/Frameworks",
					"$(inherited)",
				);
				GCC_PREPROCESSOR_DEFINITIONS = (
					"DEBUG=1",
					"$(inherited)",
				);
				INFOPLIST_FILE = "browerotis-hw2Tests/Info.plist";
				LD_RUNPATH_SEARCH_PATHS = "$(inherited) @executable_path/Frameworks @loader_path/Frameworks";
				PRODUCT_NAME = "$(TARGET_NAME)";
				TEST_HOST = "$(BUILT_PRODUCTS_DIR)/browerotis-hw2.app/browerotis-hw2";
			};
			name = Debug;
		};
		62FECE541BA7B4810043A8A0 /* Release */ = {
			isa = XCBuildConfiguration;
			buildSettings = {
				BUNDLE_LOADER = "$(TEST_HOST)";
				FRAMEWORK_SEARCH_PATHS = (
					"$(SDKROOT)/Developer/Library/Frameworks",
					"$(inherited)",
				);
				INFOPLIST_FILE = "browerotis-hw2Tests/Info.plist";
				LD_RUNPATH_SEARCH_PATHS = "$(inherited) @executable_path/Frameworks @loader_path/Frameworks";
				PRODUCT_NAME = "$(TARGET_NAME)";
				TEST_HOST = "$(BUILT_PRODUCTS_DIR)/browerotis-hw2.app/browerotis-hw2";
			};
			name = Release;
		};
/* End XCBuildConfiguration section */

/* Begin XCConfigurationList section */
		62FECE2B1BA7B4800043A8A0 /* Build configuration list for PBXProject "browerotis-hw2" */ = {
			isa = XCConfigurationList;
			buildConfigurations = (
				62FECE4D1BA7B4810043A8A0 /* Debug */,
				62FECE4E1BA7B4810043A8A0 /* Release */,
			);
			defaultConfigurationIsVisible = 0;
			defaultConfigurationName = Release;
		};
		62FECE4F1BA7B4810043A8A0 /* Build configuration list for PBXNativeTarget "browerotis-hw2" */ = {
			isa = XCConfigurationList;
			buildConfigurations = (
				62FECE501BA7B4810043A8A0 /* Debug */,
				62FECE511BA7B4810043A8A0 /* Release */,
			);
			defaultConfigurationIsVisible = 0;
		};
		62FECE521BA7B4810043A8A0 /* Build configuration list for PBXNativeTarget "browerotis-hw2Tests" */ = {
			isa = XCConfigurationList;
			buildConfigurations = (
				62FECE531BA7B4810043A8A0 /* Debug */,
				62FECE541BA7B4810043A8A0 /* Release */,
			);
			defaultConfigurationIsVisible = 0;
		};
/* End XCConfigurationList section */
	};
	rootObject = 62FECE281BA7B4800043A8A0 /* Project object */;
}
