// !$*UTF8*$!
{
	archiveVersion = 1;
	classes = {
	};
	objectVersion = 46;
	objects = {

/* Begin PBXBuildFile section */
		363D9D9A1ACB4D37000C25B0 /* main.m in Sources */ = {isa = PBXBuildFile; fileRef = 363D9D991ACB4D37000C25B0 /* main.m */; };
		363D9DA21ACB50A2000C25B0 /* Delegator.m in Sources */ = {isa = PBXBuildFile; fileRef = 363D9DA11ACB50A2000C25B0 /* Delegator.m */; };
		363D9DA81ACB50F0000C25B0 /* Delegatee1.m in Sources */ = {isa = PBXBuildFile; fileRef = 363D9DA71ACB50F0000C25B0 /* Delegatee1.m */; };
		363D9DAB1ACB50FC000C25B0 /* Delegatee2.m in Sources */ = {isa = PBXBuildFile; fileRef = 363D9DAA1ACB50FC000C25B0 /* Delegatee2.m */; };
/* End PBXBuildFile section */

/* Begin PBXCopyFilesBuildPhase section */
		363D9D941ACB4D37000C25B0 /* CopyFiles */ = {
			isa = PBXCopyFilesBuildPhase;
			buildActionMask = 2147483647;
			dstPath = /usr/share/man/man1/;
			dstSubfolderSpec = 0;
			files = (
			);
			runOnlyForDeploymentPostprocessing = 1;
		};
/* End PBXCopyFilesBuildPhase section */

/* Begin PBXFileReference section */
		363D9D961ACB4D37000C25B0 /* TestDelegatesSimple */ = {isa = PBXFileReference; explicitFileType = "compiled.mach-o.executable"; includeInIndex = 0; path = TestDelegatesSimple; sourceTree = BUILT_PRODUCTS_DIR; };
		363D9D991ACB4D37000C25B0 /* main.m */ = {isa = PBXFileReference; lastKnownFileType = sourcecode.c.objc; path = main.m; sourceTree = "<group>"; };
		363D9DA01ACB50A2000C25B0 /* Delegator.h */ = {isa = PBXFileReference; fileEncoding = 4; lastKnownFileType = sourcecode.c.h; path = Delegator.h; sourceTree = "<group>"; };
		363D9DA11ACB50A2000C25B0 /* Delegator.m */ = {isa = PBXFileReference; fileEncoding = 4; lastKnownFileType = sourcecode.c.objc; path = Delegator.m; sourceTree = "<group>"; };
		363D9DA61ACB50F0000C25B0 /* Delegatee1.h */ = {isa = PBXFileReference; fileEncoding = 4; lastKnownFileType = sourcecode.c.h; path = Delegatee1.h; sourceTree = "<group>"; };
		363D9DA71ACB50F0000C25B0 /* Delegatee1.m */ = {isa = PBXFileReference; fileEncoding = 4; lastKnownFileType = sourcecode.c.objc; path = Delegatee1.m; sourceTree = "<group>"; };
		363D9DA91ACB50FB000C25B0 /* Delegatee2.h */ = {isa = PBXFileReference; fileEncoding = 4; lastKnownFileType = sourcecode.c.h; path = Delegatee2.h; sourceTree = "<group>"; };
		363D9DAA1ACB50FC000C25B0 /* Delegatee2.m */ = {isa = PBXFileReference; fileEncoding = 4; lastKnownFileType = sourcecode.c.objc; path = Delegatee2.m; sourceTree = "<group>"; };
		363D9DAC1ACB5135000C25B0 /* DelegatorProtocol.h */ = {isa = PBXFileReference; fileEncoding = 4; lastKnownFileType = sourcecode.c.h; path = DelegatorProtocol.h; sourceTree = "<group>"; };
/* End PBXFileReference section */

/* Begin PBXFrameworksBuildPhase section */
		363D9D931ACB4D37000C25B0 /* Frameworks */ = {
			isa = PBXFrameworksBuildPhase;
			buildActionMask = 2147483647;
			files = (
			);
			runOnlyForDeploymentPostprocessing = 0;
		};
/* End PBXFrameworksBuildPhase section */

/* Begin PBXGroup section */
		363D9D8D1ACB4D37000C25B0 = {
			isa = PBXGroup;
			children = (
				363D9D981ACB4D37000C25B0 /* TestDelegatesSimple */,
				363D9D971ACB4D37000C25B0 /* Products */,
			);
			sourceTree = "<group>";
		};
		363D9D971ACB4D37000C25B0 /* Products */ = {
			isa = PBXGroup;
			children = (
				363D9D961ACB4D37000C25B0 /* TestDelegatesSimple */,
			);
			name = Products;
			sourceTree = "<group>";
		};
		363D9D981ACB4D37000C25B0 /* TestDelegatesSimple */ = {
			isa = PBXGroup;
			children = (
				363D9D991ACB4D37000C25B0 /* main.m */,
				363D9DAC1ACB5135000C25B0 /* DelegatorProtocol.h */,
				363D9DA01ACB50A2000C25B0 /* Delegator.h */,
				363D9DA11ACB50A2000C25B0 /* Delegator.m */,
				363D9DA61ACB50F0000C25B0 /* Delegatee1.h */,
				363D9DA71ACB50F0000C25B0 /* Delegatee1.m */,
				363D9DA91ACB50FB000C25B0 /* Delegatee2.h */,
				363D9DAA1ACB50FC000C25B0 /* Delegatee2.m */,
			);
			path = TestDelegatesSimple;
			sourceTree = "<group>";
		};
/* End PBXGroup section */

/* Begin PBXNativeTarget section */
		363D9D951ACB4D37000C25B0 /* TestDelegatesSimple */ = {
			isa = PBXNativeTarget;
			buildConfigurationList = 363D9D9D1ACB4D37000C25B0 /* Build configuration list for PBXNativeTarget "TestDelegatesSimple" */;
			buildPhases = (
				363D9D921ACB4D37000C25B0 /* Sources */,
				363D9D931ACB4D37000C25B0 /* Frameworks */,
				363D9D941ACB4D37000C25B0 /* CopyFiles */,
			);
			buildRules = (
			);
			dependencies = (
			);
			name = TestDelegatesSimple;
			productName = TestDelegatesSimple;
			productReference = 363D9D961ACB4D37000C25B0 /* TestDelegatesSimple */;
			productType = "com.apple.product-type.tool";
		};
/* End PBXNativeTarget section */

/* Begin PBXProject section */
		363D9D8E1ACB4D37000C25B0 /* Project object */ = {
			isa = PBXProject;
			attributes = {
				LastUpgradeCheck = 0620;
				ORGANIZATIONNAME = "Infinity Software";
				TargetAttributes = {
					363D9D951ACB4D37000C25B0 = {
						CreatedOnToolsVersion = 6.2;
					};
				};
			};
			buildConfigurationList = 363D9D911ACB4D37000C25B0 /* Build configuration list for PBXProject "TestDelegatesSimple" */;
			compatibilityVersion = "Xcode 3.2";
			developmentRegion = English;
			hasScannedForEncodings = 0;
			knownRegions = (
				en,
			);
			mainGroup = 363D9D8D1ACB4D37000C25B0;
			productRefGroup = 363D9D971ACB4D37000C25B0 /* Products */;
			projectDirPath = "";
			projectRoot = "";
			targets = (
				363D9D951ACB4D37000C25B0 /* TestDelegatesSimple */,
			);
		};
/* End PBXProject section */

/* Begin PBXSourcesBuildPhase section */
		363D9D921ACB4D37000C25B0 /* Sources */ = {
			isa = PBXSourcesBuildPhase;
			buildActionMask = 2147483647;
			files = (
				363D9DA81ACB50F0000C25B0 /* Delegatee1.m in Sources */,
				363D9DAB1ACB50FC000C25B0 /* Delegatee2.m in Sources */,
				363D9D9A1ACB4D37000C25B0 /* main.m in Sources */,
				363D9DA21ACB50A2000C25B0 /* Delegator.m in Sources */,
			);
			runOnlyForDeploymentPostprocessing = 0;
		};
/* End PBXSourcesBuildPhase section */

/* Begin XCBuildConfiguration section */
		363D9D9B1ACB4D37000C25B0 /* Debug */ = {
			isa = XCBuildConfiguration;
			buildSettings = {
				ALWAYS_SEARCH_USER_PATHS = NO;
				CLANG_CXX_LANGUAGE_STANDARD = "gnu++0x";
				CLANG_CXX_LIBRARY = "libc++";
				CLANG_ENABLE_MODULES = YES;
				CLANG_ENABLE_OBJC_ARC = YES;
				CLANG_WARN_BOOL_CONVERSION = YES;
				CLANG_WARN_CONSTANT_CONVERSION = YES;
				CLANG_WARN_DIRECT_OBJC_ISA_USAGE = YES_ERROR;
				CLANG_WARN_EMPTY_BODY = YES;
				CLANG_WARN_ENUM_CONVERSION = YES;
				CLANG_WARN_INT_CONVERSION = YES;
				CLANG_WARN_OBJC_ROOT_CLASS = YES_ERROR;
				CLANG_WARN_UNREACHABLE_CODE = YES;
				CLANG_WARN__DUPLICATE_METHOD_MATCH = YES;
				COPY_PHASE_STRIP = NO;
				ENABLE_STRICT_OBJC_MSGSEND = YES;
				GCC_C_LANGUAGE_STANDARD = gnu99;
				GCC_DYNAMIC_NO_PIC = NO;
				GCC_OPTIMIZATION_LEVEL = 0;
				GCC_PREPROCESSOR_DEFINITIONS = (
					"DEBUG=1",
					"$(inherited)",
				);
				GCC_SYMBOLS_PRIVATE_EXTERN = NO;
				GCC_WARN_64_TO_32_BIT_CONVERSION = YES;
				GCC_WARN_ABOUT_RETURN_TYPE = YES_ERROR;
				GCC_WARN_UNDECLARED_SELECTOR = YES;
				GCC_WARN_UNINITIALIZED_AUTOS = YES_AGGRESSIVE;
				GCC_WARN_UNUSED_FUNCTION = YES;
				GCC_WARN_UNUSED_VARIABLE = YES;
				MACOSX_DEPLOYMENT_TARGET = 10.10;
				MTL_ENABLE_DEBUG_INFO = YES;
				ONLY_ACTIVE_ARCH = YES;
				SDKROOT = macosx;
			};
			name = Debug;
		};
		363D9D9C1ACB4D37000C25B0 /* Release */ = {
			isa = XCBuildConfiguration;
			buildSettings = {
				ALWAYS_SEARCH_USER_PATHS = NO;
				CLANG_CXX_LANGUAGE_STANDARD = "gnu++0x";
				CLANG_CXX_LIBRARY = "libc++";
				CLANG_ENABLE_MODULES = YES;
				CLANG_ENABLE_OBJC_ARC = YES;
				CLANG_WARN_BOOL_CONVERSION = YES;
				CLANG_WARN_CONSTANT_CONVERSION = YES;
				CLANG_WARN_DIRECT_OBJC_ISA_USAGE = YES_ERROR;
				CLANG_WARN_EMPTY_BODY = YES;
				CLANG_WARN_ENUM_CONVERSION = YES;
				CLANG_WARN_INT_CONVERSION = YES;
				CLANG_WARN_OBJC_ROOT_CLASS = YES_ERROR;
				CLANG_WARN_UNREACHABLE_CODE = YES;
				CLANG_WARN__DUPLICATE_METHOD_MATCH = YES;
				COPY_PHASE_STRIP = NO;
				DEBUG_INFORMATION_FORMAT = "dwarf-with-dsym";
				ENABLE_NS_ASSERTIONS = NO;
				ENABLE_STRICT_OBJC_MSGSEND = YES;
				GCC_C_LANGUAGE_STANDARD = gnu99;
				GCC_WARN_64_TO_32_BIT_CONVERSION = YES;
				GCC_WARN_ABOUT_RETURN_TYPE = YES_ERROR;
				GCC_WARN_UNDECLARED_SELECTOR = YES;
				GCC_WARN_UNINITIALIZED_AUTOS = YES_AGGRESSIVE;
				GCC_WARN_UNUSED_FUNCTION = YES;
				GCC_WARN_UNUSED_VARIABLE = YES;
				MACOSX_DEPLOYMENT_TARGET = 10.10;
				MTL_ENABLE_DEBUG_INFO = NO;
				SDKROOT = macosx;
			};
			name = Release;
		};
		363D9D9E1ACB4D37000C25B0 /* Debug */ = {
			isa = XCBuildConfiguration;
			buildSettings = {
				PRODUCT_NAME = "$(TARGET_NAME)";
			};
			name = Debug;
		};
		363D9D9F1ACB4D37000C25B0 /* Release */ = {
			isa = XCBuildConfiguration;
			buildSettings = {
				PRODUCT_NAME = "$(TARGET_NAME)";
			};
			name = Release;
		};
/* End XCBuildConfiguration section */

/* Begin XCConfigurationList section */
		363D9D911ACB4D37000C25B0 /* Build configuration list for PBXProject "TestDelegatesSimple" */ = {
			isa = XCConfigurationList;
			buildConfigurations = (
				363D9D9B1ACB4D37000C25B0 /* Debug */,
				363D9D9C1ACB4D37000C25B0 /* Release */,
			);
			defaultConfigurationIsVisible = 0;
			defaultConfigurationName = Release;
		};
		363D9D9D1ACB4D37000C25B0 /* Build configuration list for PBXNativeTarget "TestDelegatesSimple" */ = {
			isa = XCConfigurationList;
			buildConfigurations = (
				363D9D9E1ACB4D37000C25B0 /* Debug */,
				363D9D9F1ACB4D37000C25B0 /* Release */,
			);
			defaultConfigurationIsVisible = 0;
		};
/* End XCConfigurationList section */
	};
	rootObject = 363D9D8E1ACB4D37000C25B0 /* Project object */;
}
